// !$*UTF8*$!
{
	archiveVersion = 1;
	classes = {
	};
	objectVersion = 56;
	objects = {

/* Begin PBXBuildFile section */
		5D06128A2C36457000116322 /* NotificacionesService.swift in Sources */ = {isa = PBXBuildFile; fileRef = 5D0612892C36457000116322 /* NotificacionesService.swift */; };
		5D0E9B412C73A73000080369 /* FilePicker.swift in Sources */ = {isa = PBXBuildFile; fileRef = 5D0E9B402C73A73000080369 /* FilePicker.swift */; };
		5D0E9B452C73A82E00080369 /* SelectArchivo.swift in Sources */ = {isa = PBXBuildFile; fileRef = 5D0E9B442C73A82E00080369 /* SelectArchivo.swift */; };
		5D1DC06B2BE28E990090DEA4 /* DatosApoderadoViewModel.swift in Sources */ = {isa = PBXBuildFile; fileRef = 5D1DC06A2BE28E990090DEA4 /* DatosApoderadoViewModel.swift */; };
		5D1DC06D2BE2A0840090DEA4 /* FechaAsistenciaDto.swift in Sources */ = {isa = PBXBuildFile; fileRef = 5D1DC06C2BE2A0840090DEA4 /* FechaAsistenciaDto.swift */; };
		5D1DC06F2BE2A0A30090DEA4 /* FechaAsistencia.swift in Sources */ = {isa = PBXBuildFile; fileRef = 5D1DC06E2BE2A0A30090DEA4 /* FechaAsistencia.swift */; };
		5D1DC0712BE2A0CC0090DEA4 /* TareaIncumplimientoDto.swift in Sources */ = {isa = PBXBuildFile; fileRef = 5D1DC0702BE2A0CC0090DEA4 /* TareaIncumplimientoDto.swift */; };
		5D1DC0732BE2A11F0090DEA4 /* EstadoAutorizacionDto.swift in Sources */ = {isa = PBXBuildFile; fileRef = 5D1DC0722BE2A11F0090DEA4 /* EstadoAutorizacionDto.swift */; };
		5D1DC0752BE2A13E0090DEA4 /* AutorizacionDto.swift in Sources */ = {isa = PBXBuildFile; fileRef = 5D1DC0742BE2A13E0090DEA4 /* AutorizacionDto.swift */; };
		5D1DC0772BE2A1610090DEA4 /* CitaInformeDto.swift in Sources */ = {isa = PBXBuildFile; fileRef = 5D1DC0762BE2A1610090DEA4 /* CitaInformeDto.swift */; };
		5D1DC07A2BE2A7B00090DEA4 /* LeyendaPendientes.swift in Sources */ = {isa = PBXBuildFile; fileRef = 5D1DC0792BE2A7B00090DEA4 /* LeyendaPendientes.swift */; };
		5D1DC07C2BE2A9040090DEA4 /* CardInfoTarea.swift in Sources */ = {isa = PBXBuildFile; fileRef = 5D1DC07B2BE2A9040090DEA4 /* CardInfoTarea.swift */; };
		5D1DC07E2BE2B64D0090DEA4 /* FechaTareaDto.swift in Sources */ = {isa = PBXBuildFile; fileRef = 5D1DC07D2BE2B64D0090DEA4 /* FechaTareaDto.swift */; };
		5D1DC0802BE2B6610090DEA4 /* FechaTarea.swift in Sources */ = {isa = PBXBuildFile; fileRef = 5D1DC07F2BE2B6610090DEA4 /* FechaTarea.swift */; };
		5D1E5BA22BE02C5E00D3A3D6 /* SheetAgregrarHijo.swift in Sources */ = {isa = PBXBuildFile; fileRef = 5D1E5BA12BE02C5E00D3A3D6 /* SheetAgregrarHijo.swift */; };
		5D1E5BAD2BE0382D00D3A3D6 /* SwiftUIToast in Frameworks */ = {isa = PBXBuildFile; productRef = 5D1E5BAC2BE0382D00D3A3D6 /* SwiftUIToast */; };
		5D2637C12C70703F0032AA64 /* JustificacionView.swift in Sources */ = {isa = PBXBuildFile; fileRef = 5D2637C02C70703F0032AA64 /* JustificacionView.swift */; };
		5D2637C32C7070460032AA64 /* CarnetView.swift in Sources */ = {isa = PBXBuildFile; fileRef = 5D2637C22C7070460032AA64 /* CarnetView.swift */; };
		5D2637C52C7070C30032AA64 /* JustificacionViewModel.swift in Sources */ = {isa = PBXBuildFile; fileRef = 5D2637C42C7070C30032AA64 /* JustificacionViewModel.swift */; };
		5D2637C72C707AD10032AA64 /* CarnetViewModel.swift in Sources */ = {isa = PBXBuildFile; fileRef = 5D2637C62C707AD10032AA64 /* CarnetViewModel.swift */; };
		5D2637C92C70890F0032AA64 /* InasistenciaDto.swift in Sources */ = {isa = PBXBuildFile; fileRef = 5D2637C82C70890F0032AA64 /* InasistenciaDto.swift */; };
		5D2637CB2C7089A80032AA64 /* Inasistencia.swift in Sources */ = {isa = PBXBuildFile; fileRef = 5D2637CA2C7089A80032AA64 /* Inasistencia.swift */; };
		5D2637CD2C70913E0032AA64 /* ItemJustificacion.swift in Sources */ = {isa = PBXBuildFile; fileRef = 5D2637CC2C70913E0032AA64 /* ItemJustificacion.swift */; };
		5D2637CF2C7093670032AA64 /* RazonDto.swift in Sources */ = {isa = PBXBuildFile; fileRef = 5D2637CE2C7093670032AA64 /* RazonDto.swift */; };
		5D2637D12C7093DC0032AA64 /* Razon.swift in Sources */ = {isa = PBXBuildFile; fileRef = 5D2637D02C7093DC0032AA64 /* Razon.swift */; };
		5D3320DA2BD96522008C2588 /* SelectEstado.swift in Sources */ = {isa = PBXBuildFile; fileRef = 5D3320D92BD96522008C2588 /* SelectEstado.swift */; };
		5D3320DC2BD966EC008C2588 /* CardAutorizacion.swift in Sources */ = {isa = PBXBuildFile; fileRef = 5D3320DB2BD966EC008C2588 /* CardAutorizacion.swift */; };
		5D3320DE2BD96837008C2588 /* SelectAutorizacion.swift in Sources */ = {isa = PBXBuildFile; fileRef = 5D3320DD2BD96837008C2588 /* SelectAutorizacion.swift */; };
		5D3320E02BD969CD008C2588 /* AutorizacionService.swift in Sources */ = {isa = PBXBuildFile; fileRef = 5D3320DF2BD969CD008C2588 /* AutorizacionService.swift */; };
		5D3320E22BD96A8C008C2588 /* Functions.swift in Sources */ = {isa = PBXBuildFile; fileRef = 5D3320E12BD96A8C008C2588 /* Functions.swift */; };
		5D3320E42BD96CBA008C2588 /* Autorizacion.swift in Sources */ = {isa = PBXBuildFile; fileRef = 5D3320E32BD96CBA008C2588 /* Autorizacion.swift */; };
		5D3320E62BD96D61008C2588 /* EResult.swift in Sources */ = {isa = PBXBuildFile; fileRef = 5D3320E52BD96D61008C2588 /* EResult.swift */; };
		5D3320E82BD97B3D008C2588 /* EstadoAutorizacion.swift in Sources */ = {isa = PBXBuildFile; fileRef = 5D3320E72BD97B3D008C2588 /* EstadoAutorizacion.swift */; };
		5D3320ED2BD9897F008C2588 /* DatosService.swift in Sources */ = {isa = PBXBuildFile; fileRef = 5D3320EC2BD9897F008C2588 /* DatosService.swift */; };
		5D3980C62B965FC800634A97 /* AuthServices.swift in Sources */ = {isa = PBXBuildFile; fileRef = 5D3980C52B965FC800634A97 /* AuthServices.swift */; };
		5D4219162B6C03070025BCD9 /* NotificacionesView.swift in Sources */ = {isa = PBXBuildFile; fileRef = 5D4219152B6C03070025BCD9 /* NotificacionesView.swift */; };
		5D4219182B6C030F0025BCD9 /* NotificacionesViewModel.swift in Sources */ = {isa = PBXBuildFile; fileRef = 5D4219172B6C030F0025BCD9 /* NotificacionesViewModel.swift */; };
		5D42195A2B6D41EC0025BCD9 /* Alamofire in Frameworks */ = {isa = PBXBuildFile; productRef = 5D4219592B6D41EC0025BCD9 /* Alamofire */; };
		5D4219602B6D43490025BCD9 /* Constants.swift in Sources */ = {isa = PBXBuildFile; fileRef = 5D42195F2B6D43490025BCD9 /* Constants.swift */; };
		5D42F4CE2BD99DE400281C92 /* TareaService.swift in Sources */ = {isa = PBXBuildFile; fileRef = 5D42F4CD2BD99DE400281C92 /* TareaService.swift */; };
		5D42F4D02BD9A0AD00281C92 /* TareaIncumplimiento.swift in Sources */ = {isa = PBXBuildFile; fileRef = 5D42F4CF2BD9A0AD00281C92 /* TareaIncumplimiento.swift */; };
		5D42F4D32BD9A60400281C92 /* CardIncumplimiento.swift in Sources */ = {isa = PBXBuildFile; fileRef = 5D42F4D22BD9A60400281C92 /* CardIncumplimiento.swift */; };
		5D42F4D52BD9A62000281C92 /* CardIncumplimientoItem.swift in Sources */ = {isa = PBXBuildFile; fileRef = 5D42F4D42BD9A62000281C92 /* CardIncumplimientoItem.swift */; };
		5D42F4DE2BD9C1B600281C92 /* CustomCalendar.swift in Sources */ = {isa = PBXBuildFile; fileRef = 5D42F4DD2BD9C1B600281C92 /* CustomCalendar.swift */; };
		5D42F4E12BDAC59A00281C92 /* LeyendaDiariaAcumulada.swift in Sources */ = {isa = PBXBuildFile; fileRef = 5D42F4E02BDAC59A00281C92 /* LeyendaDiariaAcumulada.swift */; };
		5D42F4E32BDAC67900281C92 /* CardDiariaAcumulado.swift in Sources */ = {isa = PBXBuildFile; fileRef = 5D42F4E22BDAC67900281C92 /* CardDiariaAcumulado.swift */; };
		5D5A3D132B69759600F88156 /* ColegioTrenerSwiftApp.swift in Sources */ = {isa = PBXBuildFile; fileRef = 5D5A3D122B69759600F88156 /* ColegioTrenerSwiftApp.swift */; };
		5D5A3D172B69759800F88156 /* Assets.xcassets in Resources */ = {isa = PBXBuildFile; fileRef = 5D5A3D162B69759800F88156 /* Assets.xcassets */; };
		5D5A3D1B2B69759800F88156 /* Preview Assets.xcassets in Resources */ = {isa = PBXBuildFile; fileRef = 5D5A3D1A2B69759800F88156 /* Preview Assets.xcassets */; };
		5D5A3D252B6975C600F88156 /* LoginView.swift in Sources */ = {isa = PBXBuildFile; fileRef = 5D5A3D242B6975C600F88156 /* LoginView.swift */; };
		5D5A3D282B6981B500F88156 /* MenuView.swift in Sources */ = {isa = PBXBuildFile; fileRef = 5D5A3D272B6981B500F88156 /* MenuView.swift */; };
		5D5A3D2A2B6981C000F88156 /* LoginViewModel.swift in Sources */ = {isa = PBXBuildFile; fileRef = 5D5A3D292B6981C000F88156 /* LoginViewModel.swift */; };
		5D7041702BDAD4FE00520A30 /* AsistenciaService.swift in Sources */ = {isa = PBXBuildFile; fileRef = 5D70416F2BDAD4FE00520A30 /* AsistenciaService.swift */; };
		5D7AC6C12BC61CED00400B08 /* SplashView.swift in Sources */ = {isa = PBXBuildFile; fileRef = 5D7AC6C02BC61CED00400B08 /* SplashView.swift */; };
		5D89D4D62B6D4A9F00DC586C /* SVProgressHUD in Frameworks */ = {isa = PBXBuildFile; productRef = 5D89D4D52B6D4A9F00DC586C /* SVProgressHUD */; };
		5D8F66D22B96961E003A19D4 /* ItemClub.swift in Sources */ = {isa = PBXBuildFile; fileRef = 5D8F66D12B96961E003A19D4 /* ItemClub.swift */; };
		5D8F66D52B9698FE003A19D4 /* ItemDatoHijo.swift in Sources */ = {isa = PBXBuildFile; fileRef = 5D8F66D42B9698FE003A19D4 /* ItemDatoHijo.swift */; };
		5DBB72B42BE03E54004BC530 /* DatosClubDto.swift in Sources */ = {isa = PBXBuildFile; fileRef = 5DBB72B32BE03E54004BC530 /* DatosClubDto.swift */; };
		5DBB72B62BE03ED3004BC530 /* DatosClub.swift in Sources */ = {isa = PBXBuildFile; fileRef = 5DBB72B52BE03ED3004BC530 /* DatosClub.swift */; };
		5DBB72B82BE155A6004BC530 /* SheetAgregarClub.swift in Sources */ = {isa = PBXBuildFile; fileRef = 5DBB72B72BE155A6004BC530 /* SheetAgregarClub.swift */; };
		5DBB72BA2BE17FCF004BC530 /* TokenView.swift in Sources */ = {isa = PBXBuildFile; fileRef = 5DBB72B92BE17FCF004BC530 /* TokenView.swift */; };
		5DBB72BC2BE17FEC004BC530 /* TokenViewModel.swift in Sources */ = {isa = PBXBuildFile; fileRef = 5DBB72BB2BE17FEC004BC530 /* TokenViewModel.swift */; };
		5DBB72BF2BE182A4004BC530 /* TokenUsecase.swift in Sources */ = {isa = PBXBuildFile; fileRef = 5DBB72BE2BE182A4004BC530 /* TokenUsecase.swift */; };
		5DBB72C22BE182FA004BC530 /* JWTDecode in Frameworks */ = {isa = PBXBuildFile; productRef = 5DBB72C12BE182FA004BC530 /* JWTDecode */; };
		5DE1E1AC2B6AE9710064B3C8 /* DatosView.swift in Sources */ = {isa = PBXBuildFile; fileRef = 5DE1E1AB2B6AE9710064B3C8 /* DatosView.swift */; };
		5DE1E1B22B6AED640064B3C8 /* DatosPadresView.swift in Sources */ = {isa = PBXBuildFile; fileRef = 5DE1E1B12B6AED640064B3C8 /* DatosPadresView.swift */; };
		5DE1E1B42B6AED7E0064B3C8 /* DatosApoderadoView.swift in Sources */ = {isa = PBXBuildFile; fileRef = 5DE1E1B32B6AED7E0064B3C8 /* DatosApoderadoView.swift */; };
		5DE1E1B62B6AED860064B3C8 /* DatosHijosView.swift in Sources */ = {isa = PBXBuildFile; fileRef = 5DE1E1B52B6AED860064B3C8 /* DatosHijosView.swift */; };
		5DE1E1B82B6AED910064B3C8 /* DatosClubesView.swift in Sources */ = {isa = PBXBuildFile; fileRef = 5DE1E1B72B6AED910064B3C8 /* DatosClubesView.swift */; };
		5DE1E1BA2B6AEF880064B3C8 /* DatosPadresViewModel.swift in Sources */ = {isa = PBXBuildFile; fileRef = 5DE1E1B92B6AEF880064B3C8 /* DatosPadresViewModel.swift */; };
		5DE1E1BC2B6AF0670064B3C8 /* DatosClubesViewModel.swift in Sources */ = {isa = PBXBuildFile; fileRef = 5DE1E1BB2B6AF0670064B3C8 /* DatosClubesViewModel.swift */; };
		5DE1E1C52B6B22A30064B3C8 /* AutorizacionesView.swift in Sources */ = {isa = PBXBuildFile; fileRef = 5DE1E1C42B6B22A30064B3C8 /* AutorizacionesView.swift */; };
		5DE1E1C72B6B22B60064B3C8 /* AutorizacionesViewModel.swift in Sources */ = {isa = PBXBuildFile; fileRef = 5DE1E1C62B6B22B60064B3C8 /* AutorizacionesViewModel.swift */; };
		5DE1E1C92B6B23030064B3C8 /* CitaInformeView.swift in Sources */ = {isa = PBXBuildFile; fileRef = 5DE1E1C82B6B23030064B3C8 /* CitaInformeView.swift */; };
		5DE1E1CB2B6B230B0064B3C8 /* CitaInformeViewModel.swift in Sources */ = {isa = PBXBuildFile; fileRef = 5DE1E1CA2B6B230B0064B3C8 /* CitaInformeViewModel.swift */; };
		5DE1E1CF2B6B23590064B3C8 /* IncumplimientosView.swift in Sources */ = {isa = PBXBuildFile; fileRef = 5DE1E1CE2B6B23590064B3C8 /* IncumplimientosView.swift */; };
		5DE1E1D12B6B23620064B3C8 /* PendientesView.swift in Sources */ = {isa = PBXBuildFile; fileRef = 5DE1E1D02B6B23620064B3C8 /* PendientesView.swift */; };
		5DE1E1D32B6B236E0064B3C8 /* IncumplimientosViewModel.swift in Sources */ = {isa = PBXBuildFile; fileRef = 5DE1E1D22B6B236E0064B3C8 /* IncumplimientosViewModel.swift */; };
		5DE1E1D52B6B238F0064B3C8 /* PendientesViewModel.swift in Sources */ = {isa = PBXBuildFile; fileRef = 5DE1E1D42B6B238F0064B3C8 /* PendientesViewModel.swift */; };
		5DE1E1D72B6B23CF0064B3C8 /* DiariaAcumuladaView.swift in Sources */ = {isa = PBXBuildFile; fileRef = 5DE1E1D62B6B23CE0064B3C8 /* DiariaAcumuladaView.swift */; };
		5DE1E1D92B6B23D60064B3C8 /* DiariaAcumuladaViewModel.swift in Sources */ = {isa = PBXBuildFile; fileRef = 5DE1E1D82B6B23D60064B3C8 /* DiariaAcumuladaViewModel.swift */; };
		5DE1E1DB2B6B240A0064B3C8 /* InscripcionesView.swift in Sources */ = {isa = PBXBuildFile; fileRef = 5DE1E1DA2B6B240A0064B3C8 /* InscripcionesView.swift */; };
		5DE1E1DD2B6B24110064B3C8 /* InscripcionesViewModel.swift in Sources */ = {isa = PBXBuildFile; fileRef = 5DE1E1DC2B6B24110064B3C8 /* InscripcionesViewModel.swift */; };
		5DE1E1DF2B6B24320064B3C8 /* PagosView.swift in Sources */ = {isa = PBXBuildFile; fileRef = 5DE1E1DE2B6B24320064B3C8 /* PagosView.swift */; };
		5DE1E1E12B6B243D0064B3C8 /* PagosViewModel.swift in Sources */ = {isa = PBXBuildFile; fileRef = 5DE1E1E02B6B243D0064B3C8 /* PagosViewModel.swift */; };
		5DE1E1E52B6B26A40064B3C8 /* TopView.swift in Sources */ = {isa = PBXBuildFile; fileRef = 5DE1E1E42B6B26A40064B3C8 /* TopView.swift */; };
		5DE1E1EA2B6B297C0064B3C8 /* PagosRealizados.swift in Sources */ = {isa = PBXBuildFile; fileRef = 5DE1E1E92B6B297C0064B3C8 /* PagosRealizados.swift */; };
		5DE1E1EC2B6B29840064B3C8 /* PagosVencidos.swift in Sources */ = {isa = PBXBuildFile; fileRef = 5DE1E1EB2B6B29840064B3C8 /* PagosVencidos.swift */; };
		5DE1E1EE2B6B298D0064B3C8 /* PagosPendientes.swift in Sources */ = {isa = PBXBuildFile; fileRef = 5DE1E1ED2B6B298D0064B3C8 /* PagosPendientes.swift */; };
		5DE1E1F12B6B35060064B3C8 /* SelectHijo.swift in Sources */ = {isa = PBXBuildFile; fileRef = 5DE1E1F02B6B35060064B3C8 /* SelectHijo.swift */; };
		5DF14BEE2BDAF6E700106946 /* CardInscripcion.swift in Sources */ = {isa = PBXBuildFile; fileRef = 5DF14BED2BDAF6E700106946 /* CardInscripcion.swift */; };
		5DF14BF02BDAF73000106946 /* ItemCardInscripcion.swift in Sources */ = {isa = PBXBuildFile; fileRef = 5DF14BEF2BDAF73000106946 /* ItemCardInscripcion.swift */; };
		5DF14BF22BDAF7C800106946 /* InscripcionService.swift in Sources */ = {isa = PBXBuildFile; fileRef = 5DF14BF12BDAF7C800106946 /* InscripcionService.swift */; };
		5DF14BF42BDAF9C700106946 /* Inscripcion.swift in Sources */ = {isa = PBXBuildFile; fileRef = 5DF14BF32BDAF9C700106946 /* Inscripcion.swift */; };
		5DF14BF62BDB01C900106946 /* PagoService.swift in Sources */ = {isa = PBXBuildFile; fileRef = 5DF14BF52BDB01C900106946 /* PagoService.swift */; };
		5DF14BF92BDB024200106946 /* PagoDto.swift in Sources */ = {isa = PBXBuildFile; fileRef = 5DF14BF82BDB024200106946 /* PagoDto.swift */; };
		5DF14BFB2BDB02FE00106946 /* InscripcionDto.swift in Sources */ = {isa = PBXBuildFile; fileRef = 5DF14BFA2BDB02FE00106946 /* InscripcionDto.swift */; };
		5DF14BFE2BDB0A8400106946 /* SinInfo.swift in Sources */ = {isa = PBXBuildFile; fileRef = 5DF14BFD2BDB0A8400106946 /* SinInfo.swift */; };
		5DF14C002BDB0E7400106946 /* Pago.swift in Sources */ = {isa = PBXBuildFile; fileRef = 5DF14BFF2BDB0E7400106946 /* Pago.swift */; };
		5DF14C022BDB14B100106946 /* CardPago.swift in Sources */ = {isa = PBXBuildFile; fileRef = 5DF14C012BDB14B100106946 /* CardPago.swift */; };
		5DF14C042BDB199500106946 /* CardPagoRealizado.swift in Sources */ = {isa = PBXBuildFile; fileRef = 5DF14C032BDB199500106946 /* CardPagoRealizado.swift */; };
		5DF14C062BDB19DF00106946 /* SelectYearRealizado.swift in Sources */ = {isa = PBXBuildFile; fileRef = 5DF14C052BDB19DF00106946 /* SelectYearRealizado.swift */; };
		5DF14C082BDB669200106946 /* CajaTexto.swift in Sources */ = {isa = PBXBuildFile; fileRef = 5DF14C072BDB669200106946 /* CajaTexto.swift */; };
		5DF14C0B2BDB7B9100106946 /* SelectTipoFamiliar.swift in Sources */ = {isa = PBXBuildFile; fileRef = 5DF14C0A2BDB7B9100106946 /* SelectTipoFamiliar.swift */; };
		5DF14C0D2BDB815A00106946 /* CajaSelect.swift in Sources */ = {isa = PBXBuildFile; fileRef = 5DF14C0C2BDB815A00106946 /* CajaSelect.swift */; };
		5DF14C0F2BDB8E8B00106946 /* DatosApoderadoDto.swift in Sources */ = {isa = PBXBuildFile; fileRef = 5DF14C0E2BDB8E8B00106946 /* DatosApoderadoDto.swift */; };
		5DF14C112BDB8EAD00106946 /* HijoTrenerDto.swift in Sources */ = {isa = PBXBuildFile; fileRef = 5DF14C102BDB8EAD00106946 /* HijoTrenerDto.swift */; };
		5DF14C132BDB8EC800106946 /* HijoTrener.swift in Sources */ = {isa = PBXBuildFile; fileRef = 5DF14C122BDB8EC800106946 /* HijoTrener.swift */; };
		5DF14C152BDB8ED900106946 /* DatosApoderado.swift in Sources */ = {isa = PBXBuildFile; fileRef = 5DF14C142BDB8ED900106946 /* DatosApoderado.swift */; };
		5DF14C172BDB913100106946 /* DatosHijosViewModel.swift in Sources */ = {isa = PBXBuildFile; fileRef = 5DF14C162BDB913100106946 /* DatosHijosViewModel.swift */; };
		5DF14C192BDB92BC00106946 /* DatosHijoDto.swift in Sources */ = {isa = PBXBuildFile; fileRef = 5DF14C182BDB92BC00106946 /* DatosHijoDto.swift */; };
		5DF14C1B2BDB932900106946 /* DatosHijo.swift in Sources */ = {isa = PBXBuildFile; fileRef = 5DF14C1A2BDB932900106946 /* DatosHijo.swift */; };
		5DFFD5142BD832C600130F0B /* CajaLogin.swift in Sources */ = {isa = PBXBuildFile; fileRef = 5DFFD5132BD832C600130F0B /* CajaLogin.swift */; };
		5DFFD5162BD8443900130F0B /* MenuHome.swift in Sources */ = {isa = PBXBuildFile; fileRef = 5DFFD5152BD8443900130F0B /* MenuHome.swift */; };
		5DFFD5192BD84E5B00130F0B /* PerfilView.swift in Sources */ = {isa = PBXBuildFile; fileRef = 5DFFD5182BD84E5B00130F0B /* PerfilView.swift */; };
		5DFFD51B2BD85E5500130F0B /* InformeService.swift in Sources */ = {isa = PBXBuildFile; fileRef = 5DFFD51A2BD85E5500130F0B /* InformeService.swift */; };
		5DFFD51F2BD86A0E00130F0B /* CitaInforme.swift in Sources */ = {isa = PBXBuildFile; fileRef = 5DFFD51E2BD86A0E00130F0B /* CitaInforme.swift */; };
		8478AEA42EC2C21000C97E05 /* CorreoView.swift in Sources */ = {isa = PBXBuildFile; fileRef = 8478AEA32EC2C21000C97E05 /* CorreoView.swift */; };
/* End PBXBuildFile section */

/* Begin PBXFileReference section */
		5D0612892C36457000116322 /* NotificacionesService.swift */ = {isa = PBXFileReference; lastKnownFileType = sourcecode.swift; path = NotificacionesService.swift; sourceTree = "<group>"; };
		5D0E9B402C73A73000080369 /* FilePicker.swift */ = {isa = PBXFileReference; lastKnownFileType = sourcecode.swift; path = FilePicker.swift; sourceTree = "<group>"; };
		5D0E9B442C73A82E00080369 /* SelectArchivo.swift */ = {isa = PBXFileReference; lastKnownFileType = sourcecode.swift; path = SelectArchivo.swift; sourceTree = "<group>"; };
		5D1DC06A2BE28E990090DEA4 /* DatosApoderadoViewModel.swift */ = {isa = PBXFileReference; lastKnownFileType = sourcecode.swift; path = DatosApoderadoViewModel.swift; sourceTree = "<group>"; };
		5D1DC06C2BE2A0840090DEA4 /* FechaAsistenciaDto.swift */ = {isa = PBXFileReference; lastKnownFileType = sourcecode.swift; path = FechaAsistenciaDto.swift; sourceTree = "<group>"; };
		5D1DC06E2BE2A0A30090DEA4 /* FechaAsistencia.swift */ = {isa = PBXFileReference; lastKnownFileType = sourcecode.swift; path = FechaAsistencia.swift; sourceTree = "<group>"; };
		5D1DC0702BE2A0CC0090DEA4 /* TareaIncumplimientoDto.swift */ = {isa = PBXFileReference; lastKnownFileType = sourcecode.swift; path = TareaIncumplimientoDto.swift; sourceTree = "<group>"; };
		5D1DC0722BE2A11F0090DEA4 /* EstadoAutorizacionDto.swift */ = {isa = PBXFileReference; lastKnownFileType = sourcecode.swift; path = EstadoAutorizacionDto.swift; sourceTree = "<group>"; };
		5D1DC0742BE2A13E0090DEA4 /* AutorizacionDto.swift */ = {isa = PBXFileReference; lastKnownFileType = sourcecode.swift; path = AutorizacionDto.swift; sourceTree = "<group>"; };
		5D1DC0762BE2A1610090DEA4 /* CitaInformeDto.swift */ = {isa = PBXFileReference; lastKnownFileType = sourcecode.swift; path = CitaInformeDto.swift; sourceTree = "<group>"; };
		5D1DC0792BE2A7B00090DEA4 /* LeyendaPendientes.swift */ = {isa = PBXFileReference; lastKnownFileType = sourcecode.swift; path = LeyendaPendientes.swift; sourceTree = "<group>"; };
		5D1DC07B2BE2A9040090DEA4 /* CardInfoTarea.swift */ = {isa = PBXFileReference; lastKnownFileType = sourcecode.swift; path = CardInfoTarea.swift; sourceTree = "<group>"; };
		5D1DC07D2BE2B64D0090DEA4 /* FechaTareaDto.swift */ = {isa = PBXFileReference; lastKnownFileType = sourcecode.swift; path = FechaTareaDto.swift; sourceTree = "<group>"; };
		5D1DC07F2BE2B6610090DEA4 /* FechaTarea.swift */ = {isa = PBXFileReference; lastKnownFileType = sourcecode.swift; path = FechaTarea.swift; sourceTree = "<group>"; };
		5D1E5BA12BE02C5E00D3A3D6 /* SheetAgregrarHijo.swift */ = {isa = PBXFileReference; lastKnownFileType = sourcecode.swift; path = SheetAgregrarHijo.swift; sourceTree = "<group>"; };
		5D2637C02C70703F0032AA64 /* JustificacionView.swift */ = {isa = PBXFileReference; lastKnownFileType = sourcecode.swift; path = JustificacionView.swift; sourceTree = "<group>"; };
		5D2637C22C7070460032AA64 /* CarnetView.swift */ = {isa = PBXFileReference; lastKnownFileType = sourcecode.swift; path = CarnetView.swift; sourceTree = "<group>"; };
		5D2637C42C7070C30032AA64 /* JustificacionViewModel.swift */ = {isa = PBXFileReference; lastKnownFileType = sourcecode.swift; path = JustificacionViewModel.swift; sourceTree = "<group>"; };
		5D2637C62C707AD10032AA64 /* CarnetViewModel.swift */ = {isa = PBXFileReference; lastKnownFileType = sourcecode.swift; path = CarnetViewModel.swift; sourceTree = "<group>"; };
		5D2637C82C70890F0032AA64 /* InasistenciaDto.swift */ = {isa = PBXFileReference; lastKnownFileType = sourcecode.swift; path = InasistenciaDto.swift; sourceTree = "<group>"; };
		5D2637CA2C7089A80032AA64 /* Inasistencia.swift */ = {isa = PBXFileReference; lastKnownFileType = sourcecode.swift; path = Inasistencia.swift; sourceTree = "<group>"; };
		5D2637CC2C70913E0032AA64 /* ItemJustificacion.swift */ = {isa = PBXFileReference; lastKnownFileType = sourcecode.swift; path = ItemJustificacion.swift; sourceTree = "<group>"; };
		5D2637CE2C7093670032AA64 /* RazonDto.swift */ = {isa = PBXFileReference; lastKnownFileType = sourcecode.swift; path = RazonDto.swift; sourceTree = "<group>"; };
		5D2637D02C7093DC0032AA64 /* Razon.swift */ = {isa = PBXFileReference; lastKnownFileType = sourcecode.swift; path = Razon.swift; sourceTree = "<group>"; };
		5D3320D92BD96522008C2588 /* SelectEstado.swift */ = {isa = PBXFileReference; lastKnownFileType = sourcecode.swift; path = SelectEstado.swift; sourceTree = "<group>"; };
		5D3320DB2BD966EC008C2588 /* CardAutorizacion.swift */ = {isa = PBXFileReference; lastKnownFileType = sourcecode.swift; path = CardAutorizacion.swift; sourceTree = "<group>"; };
		5D3320DD2BD96837008C2588 /* SelectAutorizacion.swift */ = {isa = PBXFileReference; lastKnownFileType = sourcecode.swift; path = SelectAutorizacion.swift; sourceTree = "<group>"; };
		5D3320DF2BD969CD008C2588 /* AutorizacionService.swift */ = {isa = PBXFileReference; lastKnownFileType = sourcecode.swift; path = AutorizacionService.swift; sourceTree = "<group>"; };
		5D3320E12BD96A8C008C2588 /* Functions.swift */ = {isa = PBXFileReference; lastKnownFileType = sourcecode.swift; path = Functions.swift; sourceTree = "<group>"; };
		5D3320E32BD96CBA008C2588 /* Autorizacion.swift */ = {isa = PBXFileReference; lastKnownFileType = sourcecode.swift; path = Autorizacion.swift; sourceTree = "<group>"; };
		5D3320E52BD96D61008C2588 /* EResult.swift */ = {isa = PBXFileReference; lastKnownFileType = sourcecode.swift; path = EResult.swift; sourceTree = "<group>"; };
		5D3320E72BD97B3D008C2588 /* EstadoAutorizacion.swift */ = {isa = PBXFileReference; lastKnownFileType = sourcecode.swift; path = EstadoAutorizacion.swift; sourceTree = "<group>"; };
		5D3320EC2BD9897F008C2588 /* DatosService.swift */ = {isa = PBXFileReference; lastKnownFileType = sourcecode.swift; path = DatosService.swift; sourceTree = "<group>"; };
		5D3980C52B965FC800634A97 /* AuthServices.swift */ = {isa = PBXFileReference; lastKnownFileType = sourcecode.swift; path = AuthServices.swift; sourceTree = "<group>"; };
		5D4219152B6C03070025BCD9 /* NotificacionesView.swift */ = {isa = PBXFileReference; lastKnownFileType = sourcecode.swift; path = NotificacionesView.swift; sourceTree = "<group>"; };
		5D4219172B6C030F0025BCD9 /* NotificacionesViewModel.swift */ = {isa = PBXFileReference; lastKnownFileType = sourcecode.swift; path = NotificacionesViewModel.swift; sourceTree = "<group>"; };
		5D42195F2B6D43490025BCD9 /* Constants.swift */ = {isa = PBXFileReference; lastKnownFileType = sourcecode.swift; path = Constants.swift; sourceTree = "<group>"; };
		5D42F4CD2BD99DE400281C92 /* TareaService.swift */ = {isa = PBXFileReference; lastKnownFileType = sourcecode.swift; path = TareaService.swift; sourceTree = "<group>"; };
		5D42F4CF2BD9A0AD00281C92 /* TareaIncumplimiento.swift */ = {isa = PBXFileReference; lastKnownFileType = sourcecode.swift; path = TareaIncumplimiento.swift; sourceTree = "<group>"; };
		5D42F4D22BD9A60400281C92 /* CardIncumplimiento.swift */ = {isa = PBXFileReference; lastKnownFileType = sourcecode.swift; path = CardIncumplimiento.swift; sourceTree = "<group>"; };
		5D42F4D42BD9A62000281C92 /* CardIncumplimientoItem.swift */ = {isa = PBXFileReference; lastKnownFileType = sourcecode.swift; path = CardIncumplimientoItem.swift; sourceTree = "<group>"; };
		5D42F4DD2BD9C1B600281C92 /* CustomCalendar.swift */ = {isa = PBXFileReference; lastKnownFileType = sourcecode.swift; path = CustomCalendar.swift; sourceTree = "<group>"; };
		5D42F4E02BDAC59A00281C92 /* LeyendaDiariaAcumulada.swift */ = {isa = PBXFileReference; lastKnownFileType = sourcecode.swift; path = LeyendaDiariaAcumulada.swift; sourceTree = "<group>"; };
		5D42F4E22BDAC67900281C92 /* CardDiariaAcumulado.swift */ = {isa = PBXFileReference; lastKnownFileType = sourcecode.swift; path = CardDiariaAcumulado.swift; sourceTree = "<group>"; };
		5D5A3D0F2B69759600F88156 /* ColegioTrenerSwift.app */ = {isa = PBXFileReference; explicitFileType = wrapper.application; includeInIndex = 0; path = ColegioTrenerSwift.app; sourceTree = BUILT_PRODUCTS_DIR; };
		5D5A3D122B69759600F88156 /* ColegioTrenerSwiftApp.swift */ = {isa = PBXFileReference; lastKnownFileType = sourcecode.swift; path = ColegioTrenerSwiftApp.swift; sourceTree = "<group>"; };
		5D5A3D162B69759800F88156 /* Assets.xcassets */ = {isa = PBXFileReference; lastKnownFileType = folder.assetcatalog; path = Assets.xcassets; sourceTree = "<group>"; };
		5D5A3D182B69759800F88156 /* ColegioTrenerSwift.entitlements */ = {isa = PBXFileReference; lastKnownFileType = text.plist.entitlements; path = ColegioTrenerSwift.entitlements; sourceTree = "<group>"; };
		5D5A3D1A2B69759800F88156 /* Preview Assets.xcassets */ = {isa = PBXFileReference; lastKnownFileType = folder.assetcatalog; path = "Preview Assets.xcassets"; sourceTree = "<group>"; };
		5D5A3D242B6975C600F88156 /* LoginView.swift */ = {isa = PBXFileReference; lastKnownFileType = sourcecode.swift; path = LoginView.swift; sourceTree = "<group>"; };
		5D5A3D272B6981B500F88156 /* MenuView.swift */ = {isa = PBXFileReference; lastKnownFileType = sourcecode.swift; path = MenuView.swift; sourceTree = "<group>"; };
		5D5A3D292B6981C000F88156 /* LoginViewModel.swift */ = {isa = PBXFileReference; lastKnownFileType = sourcecode.swift; path = LoginViewModel.swift; sourceTree = "<group>"; };
		5D70416F2BDAD4FE00520A30 /* AsistenciaService.swift */ = {isa = PBXFileReference; lastKnownFileType = sourcecode.swift; path = AsistenciaService.swift; sourceTree = "<group>"; };
		5D7AC6C02BC61CED00400B08 /* SplashView.swift */ = {isa = PBXFileReference; lastKnownFileType = sourcecode.swift; path = SplashView.swift; sourceTree = "<group>"; };
		5D8F66D12B96961E003A19D4 /* ItemClub.swift */ = {isa = PBXFileReference; lastKnownFileType = sourcecode.swift; path = ItemClub.swift; sourceTree = "<group>"; };
		5D8F66D42B9698FE003A19D4 /* ItemDatoHijo.swift */ = {isa = PBXFileReference; lastKnownFileType = sourcecode.swift; path = ItemDatoHijo.swift; sourceTree = "<group>"; };
		5DBB72B32BE03E54004BC530 /* DatosClubDto.swift */ = {isa = PBXFileReference; lastKnownFileType = sourcecode.swift; path = DatosClubDto.swift; sourceTree = "<group>"; };
		5DBB72B52BE03ED3004BC530 /* DatosClub.swift */ = {isa = PBXFileReference; lastKnownFileType = sourcecode.swift; path = DatosClub.swift; sourceTree = "<group>"; };
		5DBB72B72BE155A6004BC530 /* SheetAgregarClub.swift */ = {isa = PBXFileReference; lastKnownFileType = sourcecode.swift; path = SheetAgregarClub.swift; sourceTree = "<group>"; };
		5DBB72B92BE17FCF004BC530 /* TokenView.swift */ = {isa = PBXFileReference; lastKnownFileType = sourcecode.swift; path = TokenView.swift; sourceTree = "<group>"; };
		5DBB72BB2BE17FEC004BC530 /* TokenViewModel.swift */ = {isa = PBXFileReference; lastKnownFileType = sourcecode.swift; path = TokenViewModel.swift; sourceTree = "<group>"; };
		5DBB72BE2BE182A4004BC530 /* TokenUsecase.swift */ = {isa = PBXFileReference; lastKnownFileType = sourcecode.swift; path = TokenUsecase.swift; sourceTree = "<group>"; };
		5DE1E1AB2B6AE9710064B3C8 /* DatosView.swift */ = {isa = PBXFileReference; lastKnownFileType = sourcecode.swift; path = DatosView.swift; sourceTree = "<group>"; };
		5DE1E1B12B6AED640064B3C8 /* DatosPadresView.swift */ = {isa = PBXFileReference; lastKnownFileType = sourcecode.swift; path = DatosPadresView.swift; sourceTree = "<group>"; };
		5DE1E1B32B6AED7E0064B3C8 /* DatosApoderadoView.swift */ = {isa = PBXFileReference; lastKnownFileType = sourcecode.swift; path = DatosApoderadoView.swift; sourceTree = "<group>"; };
		5DE1E1B52B6AED860064B3C8 /* DatosHijosView.swift */ = {isa = PBXFileReference; lastKnownFileType = sourcecode.swift; path = DatosHijosView.swift; sourceTree = "<group>"; };
		5DE1E1B72B6AED910064B3C8 /* DatosClubesView.swift */ = {isa = PBXFileReference; lastKnownFileType = sourcecode.swift; path = DatosClubesView.swift; sourceTree = "<group>"; };
		5DE1E1B92B6AEF880064B3C8 /* DatosPadresViewModel.swift */ = {isa = PBXFileReference; lastKnownFileType = sourcecode.swift; path = DatosPadresViewModel.swift; sourceTree = "<group>"; };
		5DE1E1BB2B6AF0670064B3C8 /* DatosClubesViewModel.swift */ = {isa = PBXFileReference; lastKnownFileType = sourcecode.swift; path = DatosClubesViewModel.swift; sourceTree = "<group>"; };
		5DE1E1C42B6B22A30064B3C8 /* AutorizacionesView.swift */ = {isa = PBXFileReference; lastKnownFileType = sourcecode.swift; path = AutorizacionesView.swift; sourceTree = "<group>"; };
		5DE1E1C62B6B22B60064B3C8 /* AutorizacionesViewModel.swift */ = {isa = PBXFileReference; lastKnownFileType = sourcecode.swift; path = AutorizacionesViewModel.swift; sourceTree = "<group>"; };
		5DE1E1C82B6B23030064B3C8 /* CitaInformeView.swift */ = {isa = PBXFileReference; lastKnownFileType = sourcecode.swift; path = CitaInformeView.swift; sourceTree = "<group>"; };
		5DE1E1CA2B6B230B0064B3C8 /* CitaInformeViewModel.swift */ = {isa = PBXFileReference; lastKnownFileType = sourcecode.swift; path = CitaInformeViewModel.swift; sourceTree = "<group>"; };
		5DE1E1CE2B6B23590064B3C8 /* IncumplimientosView.swift */ = {isa = PBXFileReference; lastKnownFileType = sourcecode.swift; path = IncumplimientosView.swift; sourceTree = "<group>"; };
		5DE1E1D02B6B23620064B3C8 /* PendientesView.swift */ = {isa = PBXFileReference; lastKnownFileType = sourcecode.swift; path = PendientesView.swift; sourceTree = "<group>"; };
		5DE1E1D22B6B236E0064B3C8 /* IncumplimientosViewModel.swift */ = {isa = PBXFileReference; lastKnownFileType = sourcecode.swift; path = IncumplimientosViewModel.swift; sourceTree = "<group>"; };
		5DE1E1D42B6B238F0064B3C8 /* PendientesViewModel.swift */ = {isa = PBXFileReference; lastKnownFileType = sourcecode.swift; path = PendientesViewModel.swift; sourceTree = "<group>"; };
		5DE1E1D62B6B23CE0064B3C8 /* DiariaAcumuladaView.swift */ = {isa = PBXFileReference; lastKnownFileType = sourcecode.swift; path = DiariaAcumuladaView.swift; sourceTree = "<group>"; };
		5DE1E1D82B6B23D60064B3C8 /* DiariaAcumuladaViewModel.swift */ = {isa = PBXFileReference; lastKnownFileType = sourcecode.swift; path = DiariaAcumuladaViewModel.swift; sourceTree = "<group>"; };
		5DE1E1DA2B6B240A0064B3C8 /* InscripcionesView.swift */ = {isa = PBXFileReference; lastKnownFileType = sourcecode.swift; path = InscripcionesView.swift; sourceTree = "<group>"; };
		5DE1E1DC2B6B24110064B3C8 /* InscripcionesViewModel.swift */ = {isa = PBXFileReference; lastKnownFileType = sourcecode.swift; path = InscripcionesViewModel.swift; sourceTree = "<group>"; };
		5DE1E1DE2B6B24320064B3C8 /* PagosView.swift */ = {isa = PBXFileReference; lastKnownFileType = sourcecode.swift; path = PagosView.swift; sourceTree = "<group>"; };
		5DE1E1E02B6B243D0064B3C8 /* PagosViewModel.swift */ = {isa = PBXFileReference; lastKnownFileType = sourcecode.swift; path = PagosViewModel.swift; sourceTree = "<group>"; };
		5DE1E1E42B6B26A40064B3C8 /* TopView.swift */ = {isa = PBXFileReference; lastKnownFileType = sourcecode.swift; path = TopView.swift; sourceTree = "<group>"; };
		5DE1E1E92B6B297C0064B3C8 /* PagosRealizados.swift */ = {isa = PBXFileReference; lastKnownFileType = sourcecode.swift; path = PagosRealizados.swift; sourceTree = "<group>"; };
		5DE1E1EB2B6B29840064B3C8 /* PagosVencidos.swift */ = {isa = PBXFileReference; lastKnownFileType = sourcecode.swift; path = PagosVencidos.swift; sourceTree = "<group>"; };
		5DE1E1ED2B6B298D0064B3C8 /* PagosPendientes.swift */ = {isa = PBXFileReference; lastKnownFileType = sourcecode.swift; path = PagosPendientes.swift; sourceTree = "<group>"; };
		5DE1E1F02B6B35060064B3C8 /* SelectHijo.swift */ = {isa = PBXFileReference; lastKnownFileType = sourcecode.swift; path = SelectHijo.swift; sourceTree = "<group>"; };
		5DF14BED2BDAF6E700106946 /* CardInscripcion.swift */ = {isa = PBXFileReference; lastKnownFileType = sourcecode.swift; path = CardInscripcion.swift; sourceTree = "<group>"; };
		5DF14BEF2BDAF73000106946 /* ItemCardInscripcion.swift */ = {isa = PBXFileReference; lastKnownFileType = sourcecode.swift; path = ItemCardInscripcion.swift; sourceTree = "<group>"; };
		5DF14BF12BDAF7C800106946 /* InscripcionService.swift */ = {isa = PBXFileReference; lastKnownFileType = sourcecode.swift; path = InscripcionService.swift; sourceTree = "<group>"; };
		5DF14BF32BDAF9C700106946 /* Inscripcion.swift */ = {isa = PBXFileReference; lastKnownFileType = sourcecode.swift; path = Inscripcion.swift; sourceTree = "<group>"; };
		5DF14BF52BDB01C900106946 /* PagoService.swift */ = {isa = PBXFileReference; lastKnownFileType = sourcecode.swift; path = PagoService.swift; sourceTree = "<group>"; };
		5DF14BF82BDB024200106946 /* PagoDto.swift */ = {isa = PBXFileReference; lastKnownFileType = sourcecode.swift; path = PagoDto.swift; sourceTree = "<group>"; };
		5DF14BFA2BDB02FE00106946 /* InscripcionDto.swift */ = {isa = PBXFileReference; lastKnownFileType = sourcecode.swift; path = InscripcionDto.swift; sourceTree = "<group>"; };
		5DF14BFD2BDB0A8400106946 /* SinInfo.swift */ = {isa = PBXFileReference; lastKnownFileType = sourcecode.swift; path = SinInfo.swift; sourceTree = "<group>"; };
		5DF14BFF2BDB0E7400106946 /* Pago.swift */ = {isa = PBXFileReference; lastKnownFileType = sourcecode.swift; path = Pago.swift; sourceTree = "<group>"; };
		5DF14C012BDB14B100106946 /* CardPago.swift */ = {isa = PBXFileReference; lastKnownFileType = sourcecode.swift; path = CardPago.swift; sourceTree = "<group>"; };
		5DF14C032BDB199500106946 /* CardPagoRealizado.swift */ = {isa = PBXFileReference; lastKnownFileType = sourcecode.swift; path = CardPagoRealizado.swift; sourceTree = "<group>"; };
		5DF14C052BDB19DF00106946 /* SelectYearRealizado.swift */ = {isa = PBXFileReference; lastKnownFileType = sourcecode.swift; path = SelectYearRealizado.swift; sourceTree = "<group>"; };
		5DF14C072BDB669200106946 /* CajaTexto.swift */ = {isa = PBXFileReference; lastKnownFileType = sourcecode.swift; path = CajaTexto.swift; sourceTree = "<group>"; };
		5DF14C0A2BDB7B9100106946 /* SelectTipoFamiliar.swift */ = {isa = PBXFileReference; lastKnownFileType = sourcecode.swift; path = SelectTipoFamiliar.swift; sourceTree = "<group>"; };
		5DF14C0C2BDB815A00106946 /* CajaSelect.swift */ = {isa = PBXFileReference; lastKnownFileType = sourcecode.swift; path = CajaSelect.swift; sourceTree = "<group>"; };
		5DF14C0E2BDB8E8B00106946 /* DatosApoderadoDto.swift */ = {isa = PBXFileReference; lastKnownFileType = sourcecode.swift; path = DatosApoderadoDto.swift; sourceTree = "<group>"; };
		5DF14C102BDB8EAD00106946 /* HijoTrenerDto.swift */ = {isa = PBXFileReference; lastKnownFileType = sourcecode.swift; path = HijoTrenerDto.swift; sourceTree = "<group>"; };
		5DF14C122BDB8EC800106946 /* HijoTrener.swift */ = {isa = PBXFileReference; lastKnownFileType = sourcecode.swift; path = HijoTrener.swift; sourceTree = "<group>"; };
		5DF14C142BDB8ED900106946 /* DatosApoderado.swift */ = {isa = PBXFileReference; lastKnownFileType = sourcecode.swift; path = DatosApoderado.swift; sourceTree = "<group>"; };
		5DF14C162BDB913100106946 /* DatosHijosViewModel.swift */ = {isa = PBXFileReference; lastKnownFileType = sourcecode.swift; path = DatosHijosViewModel.swift; sourceTree = "<group>"; };
		5DF14C182BDB92BC00106946 /* DatosHijoDto.swift */ = {isa = PBXFileReference; lastKnownFileType = sourcecode.swift; path = DatosHijoDto.swift; sourceTree = "<group>"; };
		5DF14C1A2BDB932900106946 /* DatosHijo.swift */ = {isa = PBXFileReference; lastKnownFileType = sourcecode.swift; path = DatosHijo.swift; sourceTree = "<group>"; };
		5DFFD5132BD832C600130F0B /* CajaLogin.swift */ = {isa = PBXFileReference; lastKnownFileType = sourcecode.swift; path = CajaLogin.swift; sourceTree = "<group>"; };
		5DFFD5152BD8443900130F0B /* MenuHome.swift */ = {isa = PBXFileReference; lastKnownFileType = sourcecode.swift; path = MenuHome.swift; sourceTree = "<group>"; };
		5DFFD5182BD84E5B00130F0B /* PerfilView.swift */ = {isa = PBXFileReference; lastKnownFileType = sourcecode.swift; path = PerfilView.swift; sourceTree = "<group>"; };
		5DFFD51A2BD85E5500130F0B /* InformeService.swift */ = {isa = PBXFileReference; lastKnownFileType = sourcecode.swift; path = InformeService.swift; sourceTree = "<group>"; };
		5DFFD51E2BD86A0E00130F0B /* CitaInforme.swift */ = {isa = PBXFileReference; lastKnownFileType = sourcecode.swift; path = CitaInforme.swift; sourceTree = "<group>"; };
		8478AEA32EC2C21000C97E05 /* CorreoView.swift */ = {isa = PBXFileReference; lastKnownFileType = sourcecode.swift; path = CorreoView.swift; sourceTree = "<group>"; };
/* End PBXFileReference section */

/* Begin PBXFrameworksBuildPhase section */
		5D5A3D0C2B69759600F88156 /* Frameworks */ = {
			isa = PBXFrameworksBuildPhase;
			buildActionMask = 2147483647;
			files = (
				5D89D4D62B6D4A9F00DC586C /* SVProgressHUD in Frameworks */,
				5D1E5BAD2BE0382D00D3A3D6 /* SwiftUIToast in Frameworks */,
				5DBB72C22BE182FA004BC530 /* JWTDecode in Frameworks */,
				5D42195A2B6D41EC0025BCD9 /* Alamofire in Frameworks */,
			);
			runOnlyForDeploymentPostprocessing = 0;
		};
/* End PBXFrameworksBuildPhase section */

/* Begin PBXGroup section */
		5D0E9B3F2C73A72600080369 /* Core */ = {
			isa = PBXGroup;
			children = (
				5D0E9B402C73A73000080369 /* FilePicker.swift */,
			);
			path = Core;
			sourceTree = "<group>";
		};
		5D0E9B432C73A82300080369 /* Common */ = {
			isa = PBXGroup;
			children = (
				5D0E9B442C73A82E00080369 /* SelectArchivo.swift */,
			);
			path = Common;
			sourceTree = "<group>";
		};
		5D1DC0782BE2A7960090DEA4 /* Components */ = {
			isa = PBXGroup;
			children = (
				5D1DC0792BE2A7B00090DEA4 /* LeyendaPendientes.swift */,
				5D1DC07B2BE2A9040090DEA4 /* CardInfoTarea.swift */,
			);
			path = Components;
			sourceTree = "<group>";
		};
		5D2637BC2C7070020032AA64 /* Views */ = {
			isa = PBXGroup;
			children = (
				5D2637BD2C70700B0032AA64 /* DiariaAcumulada */,
				5D2637BE2C7070120032AA64 /* Justificacion */,
				5D2637BF2C7070190032AA64 /* Carnet */,
			);
			path = Views;
			sourceTree = "<group>";
		};
		5D2637BD2C70700B0032AA64 /* DiariaAcumulada */ = {
			isa = PBXGroup;
			children = (
				5DE1E1D62B6B23CE0064B3C8 /* DiariaAcumuladaView.swift */,
				5DE1E1D82B6B23D60064B3C8 /* DiariaAcumuladaViewModel.swift */,
			);
			path = DiariaAcumulada;
			sourceTree = "<group>";
		};
		5D2637BE2C7070120032AA64 /* Justificacion */ = {
			isa = PBXGroup;
			children = (
				5D2637C02C70703F0032AA64 /* JustificacionView.swift */,
				5D2637C42C7070C30032AA64 /* JustificacionViewModel.swift */,
			);
			path = Justificacion;
			sourceTree = "<group>";
		};
		5D2637BF2C7070190032AA64 /* Carnet */ = {
			isa = PBXGroup;
			children = (
				5D2637C22C7070460032AA64 /* CarnetView.swift */,
				5D2637C62C707AD10032AA64 /* CarnetViewModel.swift */,
			);
			path = Carnet;
			sourceTree = "<group>";
		};
		5D3320D82BD96517008C2588 /* Components */ = {
			isa = PBXGroup;
			children = (
				5D3320D92BD96522008C2588 /* SelectEstado.swift */,
				5D3320DB2BD966EC008C2588 /* CardAutorizacion.swift */,
				5D3320DD2BD96837008C2588 /* SelectAutorizacion.swift */,
			);
			path = Components;
			sourceTree = "<group>";
		};
		5D3980C42B965F8700634A97 /* Services */ = {
			isa = PBXGroup;
			children = (
				5D3980C52B965FC800634A97 /* AuthServices.swift */,
				5DFFD51A2BD85E5500130F0B /* InformeService.swift */,
				5D3320DF2BD969CD008C2588 /* AutorizacionService.swift */,
				5D3320EC2BD9897F008C2588 /* DatosService.swift */,
				5D42F4CD2BD99DE400281C92 /* TareaService.swift */,
				5D70416F2BDAD4FE00520A30 /* AsistenciaService.swift */,
				5DF14BF12BDAF7C800106946 /* InscripcionService.swift */,
				5DF14BF52BDB01C900106946 /* PagoService.swift */,
				5D0612892C36457000116322 /* NotificacionesService.swift */,
			);
			path = Services;
			sourceTree = "<group>";
		};
		5D4219142B6C02F60025BCD9 /* Notificaciones */ = {
			isa = PBXGroup;
			children = (
				5D4219152B6C03070025BCD9 /* NotificacionesView.swift */,
				5D4219172B6C030F0025BCD9 /* NotificacionesViewModel.swift */,
			);
			path = Notificaciones;
			sourceTree = "<group>";
		};
		5D4219542B6D41BE0025BCD9 /* Network */ = {
			isa = PBXGroup;
			children = (
				5DF14BF72BDB023900106946 /* Dto */,
				5D3980C42B965F8700634A97 /* Services */,
			);
			path = Network;
			sourceTree = "<group>";
		};
		5D42195D2B6D433A0025BCD9 /* App */ = {
			isa = PBXGroup;
			children = (
				5D0E9B3F2C73A72600080369 /* Core */,
				5D42195E2B6D433D0025BCD9 /* Util */,
			);
			path = App;
			sourceTree = "<group>";
		};
		5D42195E2B6D433D0025BCD9 /* Util */ = {
			isa = PBXGroup;
			children = (
				5D42195F2B6D43490025BCD9 /* Constants.swift */,
				5D3320E12BD96A8C008C2588 /* Functions.swift */,
				5D3320E52BD96D61008C2588 /* EResult.swift */,
			);
			path = Util;
			sourceTree = "<group>";
		};
		5D42F4D12BD9A5F500281C92 /* Components */ = {
			isa = PBXGroup;
			children = (
				5D42F4D22BD9A60400281C92 /* CardIncumplimiento.swift */,
				5D42F4D42BD9A62000281C92 /* CardIncumplimientoItem.swift */,
			);
			path = Components;
			sourceTree = "<group>";
		};
		5D42F4DF2BDAC57E00281C92 /* Components */ = {
			isa = PBXGroup;
			children = (
				5D42F4E02BDAC59A00281C92 /* LeyendaDiariaAcumulada.swift */,
				5D42F4E22BDAC67900281C92 /* CardDiariaAcumulado.swift */,
				5D2637CC2C70913E0032AA64 /* ItemJustificacion.swift */,
			);
			path = Components;
			sourceTree = "<group>";
		};
		5D5A3D062B69759600F88156 = {
			isa = PBXGroup;
			children = (
				5D5A3D112B69759600F88156 /* ColegioTrenerSwift */,
				5D5A3D102B69759600F88156 /* Products */,
			);
			sourceTree = "<group>";
		};
		5D5A3D102B69759600F88156 /* Products */ = {
			isa = PBXGroup;
			children = (
				5D5A3D0F2B69759600F88156 /* ColegioTrenerSwift.app */,
			);
			name = Products;
			sourceTree = "<group>";
		};
		5D5A3D112B69759600F88156 /* ColegioTrenerSwift */ = {
			isa = PBXGroup;
			children = (
				5D42195D2B6D433A0025BCD9 /* App */,
				5D4219542B6D41BE0025BCD9 /* Network */,
				5DFFD51C2BD869FC00130F0B /* Domain */,
				5D5A3D212B6975B100F88156 /* Presentation */,
				5D5A3D122B69759600F88156 /* ColegioTrenerSwiftApp.swift */,
				5D5A3D162B69759800F88156 /* Assets.xcassets */,
				5D5A3D182B69759800F88156 /* ColegioTrenerSwift.entitlements */,
				5D5A3D192B69759800F88156 /* Preview Content */,
				5DBB72B92BE17FCF004BC530 /* TokenView.swift */,
				5DBB72BB2BE17FEC004BC530 /* TokenViewModel.swift */,
			);
			path = ColegioTrenerSwift;
			sourceTree = "<group>";
		};
		5D5A3D192B69759800F88156 /* Preview Content */ = {
			isa = PBXGroup;
			children = (
				5D5A3D1A2B69759800F88156 /* Preview Assets.xcassets */,
			);
			path = "Preview Content";
			sourceTree = "<group>";
		};
		5D5A3D212B6975B100F88156 /* Presentation */ = {
			isa = PBXGroup;
			children = (
				5D0E9B432C73A82300080369 /* Common */,
				5DE1E1E22B6B268E0064B3C8 /* Components */,
				5D5A3D222B6975B600F88156 /* Features */,
			);
			path = Presentation;
			sourceTree = "<group>";
		};
		5D5A3D222B6975B600F88156 /* Features */ = {
			isa = PBXGroup;
			children = (
				5DFFD5172BD84E5100130F0B /* Perfil */,
				5D7AC6BF2BC61CD900400B08 /* Splash */,
				5D4219142B6C02F60025BCD9 /* Notificaciones */,
				5D5A3D262B6981AC00F88156 /* Menu */,
				5D5A3D232B6975BC00F88156 /* Login */,
			);
			path = Features;
			sourceTree = "<group>";
		};
		5D5A3D232B6975BC00F88156 /* Login */ = {
			isa = PBXGroup;
			children = (
				5DFFD5122BD832B100130F0B /* Components */,
				5D5A3D242B6975C600F88156 /* LoginView.swift */,
				5D5A3D292B6981C000F88156 /* LoginViewModel.swift */,
			);
			path = Login;
			sourceTree = "<group>";
		};
		5D5A3D262B6981AC00F88156 /* Menu */ = {
			isa = PBXGroup;
			children = (
				8478AEA22EC2C18400C97E05 /* Correo */,
				5DE1E1A92B6AE9600064B3C8 /* Administrativos */,
				5DE1E1C22B6B22750064B3C8 /* Asistencia */,
				5DE1E1C12B6B22700064B3C8 /* Tareas */,
				5DE1E1C02B6B22630064B3C8 /* Resultados */,
				5DE1E1BF2B6B22570064B3C8 /* Autorizaciones */,
				5D5A3D272B6981B500F88156 /* MenuView.swift */,
				5DFFD5152BD8443900130F0B /* MenuHome.swift */,
			);
			path = Menu;
			sourceTree = "<group>";
		};
		5D7AC6BF2BC61CD900400B08 /* Splash */ = {
			isa = PBXGroup;
			children = (
				5D7AC6C02BC61CED00400B08 /* SplashView.swift */,
			);
			path = Splash;
			sourceTree = "<group>";
		};
		5D8F66D02B96960B003A19D4 /* Components */ = {
			isa = PBXGroup;
			children = (
				5D8F66D12B96961E003A19D4 /* ItemClub.swift */,
				5DBB72B72BE155A6004BC530 /* SheetAgregarClub.swift */,
			);
			path = Components;
			sourceTree = "<group>";
		};
		5D8F66D32B9698EC003A19D4 /* Components */ = {
			isa = PBXGroup;
			children = (
				5D8F66D42B9698FE003A19D4 /* ItemDatoHijo.swift */,
				5D1E5BA12BE02C5E00D3A3D6 /* SheetAgregrarHijo.swift */,
			);
			path = Components;
			sourceTree = "<group>";
		};
		5DBB72BD2BE1829B004BC530 /* Usecase */ = {
			isa = PBXGroup;
			children = (
				5DBB72BE2BE182A4004BC530 /* TokenUsecase.swift */,
			);
			path = Usecase;
			sourceTree = "<group>";
		};
		5DE1E1A92B6AE9600064B3C8 /* Administrativos */ = {
			isa = PBXGroup;
			children = (
				5DE1E1EF2B6B34E60064B3C8 /* Components */,
				5DE1E1AA2B6AE9680064B3C8 /* Datos */,
				5DE1E1BD2B6B22240064B3C8 /* Pagos */,
				5DE1E1BE2B6B222F0064B3C8 /* Inscripciones */,
			);
			path = Administrativos;
			sourceTree = "<group>";
		};
		5DE1E1AA2B6AE9680064B3C8 /* Datos */ = {
			isa = PBXGroup;
			children = (
				5DF14C092BDB7B7B00106946 /* Components */,
				5DE1E1B02B6AED540064B3C8 /* DatosClubes */,
				5DE1E1AF2B6AED460064B3C8 /* DatosHijos */,
				5DE1E1AE2B6AED400064B3C8 /* DatosApoderado */,
				5DE1E1AD2B6AED350064B3C8 /* DatosPadres */,
				5DE1E1AB2B6AE9710064B3C8 /* DatosView.swift */,
			);
			path = Datos;
			sourceTree = "<group>";
		};
		5DE1E1AD2B6AED350064B3C8 /* DatosPadres */ = {
			isa = PBXGroup;
			children = (
				5DE1E1B12B6AED640064B3C8 /* DatosPadresView.swift */,
				5DE1E1B92B6AEF880064B3C8 /* DatosPadresViewModel.swift */,
			);
			path = DatosPadres;
			sourceTree = "<group>";
		};
		5DE1E1AE2B6AED400064B3C8 /* DatosApoderado */ = {
			isa = PBXGroup;
			children = (
				5DE1E1B32B6AED7E0064B3C8 /* DatosApoderadoView.swift */,
				5D1DC06A2BE28E990090DEA4 /* DatosApoderadoViewModel.swift */,
			);
			path = DatosApoderado;
			sourceTree = "<group>";
		};
		5DE1E1AF2B6AED460064B3C8 /* DatosHijos */ = {
			isa = PBXGroup;
			children = (
				5D8F66D32B9698EC003A19D4 /* Components */,
				5DE1E1B52B6AED860064B3C8 /* DatosHijosView.swift */,
				5DF14C162BDB913100106946 /* DatosHijosViewModel.swift */,
			);
			path = DatosHijos;
			sourceTree = "<group>";
		};
		5DE1E1B02B6AED540064B3C8 /* DatosClubes */ = {
			isa = PBXGroup;
			children = (
				5D8F66D02B96960B003A19D4 /* Components */,
				5DE1E1B72B6AED910064B3C8 /* DatosClubesView.swift */,
				5DE1E1BB2B6AF0670064B3C8 /* DatosClubesViewModel.swift */,
			);
			path = DatosClubes;
			sourceTree = "<group>";
		};
		5DE1E1BD2B6B22240064B3C8 /* Pagos */ = {
			isa = PBXGroup;
			children = (
				5DF14BFC2BDB06E300106946 /* Components */,
				5DE1E1DE2B6B24320064B3C8 /* PagosView.swift */,
				5DE1E1E02B6B243D0064B3C8 /* PagosViewModel.swift */,
			);
			path = Pagos;
			sourceTree = "<group>";
		};
		5DE1E1BE2B6B222F0064B3C8 /* Inscripciones */ = {
			isa = PBXGroup;
			children = (
				5DF14BEC2BDAF6C300106946 /* Components */,
				5DE1E1DA2B6B240A0064B3C8 /* InscripcionesView.swift */,
				5DE1E1DC2B6B24110064B3C8 /* InscripcionesViewModel.swift */,
			);
			path = Inscripciones;
			sourceTree = "<group>";
		};
		5DE1E1BF2B6B22570064B3C8 /* Autorizaciones */ = {
			isa = PBXGroup;
			children = (
				5D3320D82BD96517008C2588 /* Components */,
				5DE1E1C42B6B22A30064B3C8 /* AutorizacionesView.swift */,
				5DE1E1C62B6B22B60064B3C8 /* AutorizacionesViewModel.swift */,
			);
			path = Autorizaciones;
			sourceTree = "<group>";
		};
		5DE1E1C02B6B22630064B3C8 /* Resultados */ = {
			isa = PBXGroup;
			children = (
				5DE1E1C82B6B23030064B3C8 /* CitaInformeView.swift */,
				5DE1E1CA2B6B230B0064B3C8 /* CitaInformeViewModel.swift */,
			);
			path = Resultados;
			sourceTree = "<group>";
		};
		5DE1E1C12B6B22700064B3C8 /* Tareas */ = {
			isa = PBXGroup;
			children = (
				5DE1E1CD2B6B23490064B3C8 /* Pendientes */,
				5DE1E1CC2B6B23420064B3C8 /* Incumplimientos */,
			);
			path = Tareas;
			sourceTree = "<group>";
		};
		5DE1E1C22B6B22750064B3C8 /* Asistencia */ = {
			isa = PBXGroup;
			children = (
				5D42F4DF2BDAC57E00281C92 /* Components */,
				5D2637BC2C7070020032AA64 /* Views */,
			);
			path = Asistencia;
			sourceTree = "<group>";
		};
		5DE1E1CC2B6B23420064B3C8 /* Incumplimientos */ = {
			isa = PBXGroup;
			children = (
				5D42F4D12BD9A5F500281C92 /* Components */,
				5DE1E1CE2B6B23590064B3C8 /* IncumplimientosView.swift */,
				5DE1E1D22B6B236E0064B3C8 /* IncumplimientosViewModel.swift */,
			);
			path = Incumplimientos;
			sourceTree = "<group>";
		};
		5DE1E1CD2B6B23490064B3C8 /* Pendientes */ = {
			isa = PBXGroup;
			children = (
				5D1DC0782BE2A7960090DEA4 /* Components */,
				5DE1E1D02B6B23620064B3C8 /* PendientesView.swift */,
				5DE1E1D42B6B238F0064B3C8 /* PendientesViewModel.swift */,
			);
			path = Pendientes;
			sourceTree = "<group>";
		};
		5DE1E1E22B6B268E0064B3C8 /* Components */ = {
			isa = PBXGroup;
			children = (
				5DE1E1E42B6B26A40064B3C8 /* TopView.swift */,
				5DE1E1F02B6B35060064B3C8 /* SelectHijo.swift */,
				5D42F4DD2BD9C1B600281C92 /* CustomCalendar.swift */,
				5DF14C072BDB669200106946 /* CajaTexto.swift */,
				5DF14C0C2BDB815A00106946 /* CajaSelect.swift */,
			);
			path = Components;
			sourceTree = "<group>";
		};
		5DE1E1EF2B6B34E60064B3C8 /* Components */ = {
			isa = PBXGroup;
			children = (
			);
			path = Components;
			sourceTree = "<group>";
		};
		5DF14BEC2BDAF6C300106946 /* Components */ = {
			isa = PBXGroup;
			children = (
				5DF14BED2BDAF6E700106946 /* CardInscripcion.swift */,
				5DF14BEF2BDAF73000106946 /* ItemCardInscripcion.swift */,
			);
			path = Components;
			sourceTree = "<group>";
		};
		5DF14BF72BDB023900106946 /* Dto */ = {
			isa = PBXGroup;
			children = (
				5DF14BF82BDB024200106946 /* PagoDto.swift */,
				5D1DC0762BE2A1610090DEA4 /* CitaInformeDto.swift */,
				5D1DC0742BE2A13E0090DEA4 /* AutorizacionDto.swift */,
				5D1DC0722BE2A11F0090DEA4 /* EstadoAutorizacionDto.swift */,
				5D1DC0702BE2A0CC0090DEA4 /* TareaIncumplimientoDto.swift */,
				5DF14BFA2BDB02FE00106946 /* InscripcionDto.swift */,
				5DF14C102BDB8EAD00106946 /* HijoTrenerDto.swift */,
				5DF14C0E2BDB8E8B00106946 /* DatosApoderadoDto.swift */,
				5DF14C182BDB92BC00106946 /* DatosHijoDto.swift */,
				5DBB72B32BE03E54004BC530 /* DatosClubDto.swift */,
				5D1DC06C2BE2A0840090DEA4 /* FechaAsistenciaDto.swift */,
				5D1DC07D2BE2B64D0090DEA4 /* FechaTareaDto.swift */,
				5D2637C82C70890F0032AA64 /* InasistenciaDto.swift */,
				5D2637CE2C7093670032AA64 /* RazonDto.swift */,
			);
			path = Dto;
			sourceTree = "<group>";
		};
		5DF14BFC2BDB06E300106946 /* Components */ = {
			isa = PBXGroup;
			children = (
				5DE1E1ED2B6B298D0064B3C8 /* PagosPendientes.swift */,
				5DE1E1EB2B6B29840064B3C8 /* PagosVencidos.swift */,
				5DE1E1E92B6B297C0064B3C8 /* PagosRealizados.swift */,
				5DF14BFD2BDB0A8400106946 /* SinInfo.swift */,
				5DF14C012BDB14B100106946 /* CardPago.swift */,
				5DF14C032BDB199500106946 /* CardPagoRealizado.swift */,
				5DF14C052BDB19DF00106946 /* SelectYearRealizado.swift */,
			);
			path = Components;
			sourceTree = "<group>";
		};
		5DF14C092BDB7B7B00106946 /* Components */ = {
			isa = PBXGroup;
			children = (
				5DF14C0A2BDB7B9100106946 /* SelectTipoFamiliar.swift */,
			);
			path = Components;
			sourceTree = "<group>";
		};
		5DFFD5122BD832B100130F0B /* Components */ = {
			isa = PBXGroup;
			children = (
				5DFFD5132BD832C600130F0B /* CajaLogin.swift */,
			);
			path = Components;
			sourceTree = "<group>";
		};
		5DFFD5172BD84E5100130F0B /* Perfil */ = {
			isa = PBXGroup;
			children = (
				5DFFD5182BD84E5B00130F0B /* PerfilView.swift */,
			);
			path = Perfil;
			sourceTree = "<group>";
		};
		5DFFD51C2BD869FC00130F0B /* Domain */ = {
			isa = PBXGroup;
			children = (
				5DBB72BD2BE1829B004BC530 /* Usecase */,
				5DFFD51D2BD86A0300130F0B /* Model */,
			);
			path = Domain;
			sourceTree = "<group>";
		};
		5DFFD51D2BD86A0300130F0B /* Model */ = {
			isa = PBXGroup;
			children = (
				5DF14BFF2BDB0E7400106946 /* Pago.swift */,
				5DFFD51E2BD86A0E00130F0B /* CitaInforme.swift */,
				5D3320E32BD96CBA008C2588 /* Autorizacion.swift */,
				5D3320E72BD97B3D008C2588 /* EstadoAutorizacion.swift */,
				5D42F4CF2BD9A0AD00281C92 /* TareaIncumplimiento.swift */,
				5DF14BF32BDAF9C700106946 /* Inscripcion.swift */,
				5DF14C122BDB8EC800106946 /* HijoTrener.swift */,
				5DF14C142BDB8ED900106946 /* DatosApoderado.swift */,
				5DF14C1A2BDB932900106946 /* DatosHijo.swift */,
				5DBB72B52BE03ED3004BC530 /* DatosClub.swift */,
				5D1DC06E2BE2A0A30090DEA4 /* FechaAsistencia.swift */,
				5D1DC07F2BE2B6610090DEA4 /* FechaTarea.swift */,
				5D2637CA2C7089A80032AA64 /* Inasistencia.swift */,
				5D2637D02C7093DC0032AA64 /* Razon.swift */,
			);
			path = Model;
			sourceTree = "<group>";
		};
		8478AEA22EC2C18400C97E05 /* Correo */ = {
			isa = PBXGroup;
			children = (
				8478AEA32EC2C21000C97E05 /* CorreoView.swift */,
			);
			path = Correo;
			sourceTree = "<group>";
		};
/* End PBXGroup section */

/* Begin PBXNativeTarget section */
		5D5A3D0E2B69759600F88156 /* ColegioTrenerSwift */ = {
			isa = PBXNativeTarget;
			buildConfigurationList = 5D5A3D1E2B69759800F88156 /* Build configuration list for PBXNativeTarget "ColegioTrenerSwift" */;
			buildPhases = (
				5D5A3D0B2B69759600F88156 /* Sources */,
				5D5A3D0C2B69759600F88156 /* Frameworks */,
				5D5A3D0D2B69759600F88156 /* Resources */,
			);
			buildRules = (
			);
			dependencies = (
			);
			name = ColegioTrenerSwift;
			packageProductDependencies = (
				5D4219592B6D41EC0025BCD9 /* Alamofire */,
				5D89D4D52B6D4A9F00DC586C /* SVProgressHUD */,
				5D1E5BAC2BE0382D00D3A3D6 /* SwiftUIToast */,
				5DBB72C12BE182FA004BC530 /* JWTDecode */,
			);
			productName = ColegioTrenerSwift;
			productReference = 5D5A3D0F2B69759600F88156 /* ColegioTrenerSwift.app */;
			productType = "com.apple.product-type.application";
		};
/* End PBXNativeTarget section */

/* Begin PBXProject section */
		5D5A3D072B69759600F88156 /* Project object */ = {
			isa = PBXProject;
			attributes = {
				BuildIndependentTargetsInParallel = 1;
				LastSwiftUpdateCheck = 1520;
				LastUpgradeCheck = 1520;
				TargetAttributes = {
					5D5A3D0E2B69759600F88156 = {
						CreatedOnToolsVersion = 15.2;
					};
				};
			};
			buildConfigurationList = 5D5A3D0A2B69759600F88156 /* Build configuration list for PBXProject "ColegioTrenerSwift" */;
			compatibilityVersion = "Xcode 14.0";
			developmentRegion = "es-419";
			hasScannedForEncodings = 0;
			knownRegions = (
				Base,
				"es-419",
			);
			mainGroup = 5D5A3D062B69759600F88156;
			packageReferences = (
				5D4219582B6D41EC0025BCD9 /* XCRemoteSwiftPackageReference "Alamofire" */,
				5D89D4D42B6D4A9F00DC586C /* XCRemoteSwiftPackageReference "SVProgressHUD" */,
				5D1E5BAB2BE0382D00D3A3D6 /* XCRemoteSwiftPackageReference "SwiftUI-Toast" */,
				5DBB72C02BE182FA004BC530 /* XCRemoteSwiftPackageReference "JWTDecode" */,
			);
			productRefGroup = 5D5A3D102B69759600F88156 /* Products */;
			projectDirPath = "";
			projectRoot = "";
			targets = (
				5D5A3D0E2B69759600F88156 /* ColegioTrenerSwift */,
			);
		};
/* End PBXProject section */

/* Begin PBXResourcesBuildPhase section */
		5D5A3D0D2B69759600F88156 /* Resources */ = {
			isa = PBXResourcesBuildPhase;
			buildActionMask = 2147483647;
			files = (
				5D5A3D1B2B69759800F88156 /* Preview Assets.xcassets in Resources */,
				5D5A3D172B69759800F88156 /* Assets.xcassets in Resources */,
			);
			runOnlyForDeploymentPostprocessing = 0;
		};
/* End PBXResourcesBuildPhase section */

/* Begin PBXSourcesBuildPhase section */
		5D5A3D0B2B69759600F88156 /* Sources */ = {
			isa = PBXSourcesBuildPhase;
			buildActionMask = 2147483647;
			files = (
				5DE1E1E52B6B26A40064B3C8 /* TopView.swift in Sources */,
				5D4219602B6D43490025BCD9 /* Constants.swift in Sources */,
				5DF14C0D2BDB815A00106946 /* CajaSelect.swift in Sources */,
				5DF14C042BDB199500106946 /* CardPagoRealizado.swift in Sources */,
				5D1DC06B2BE28E990090DEA4 /* DatosApoderadoViewModel.swift in Sources */,
				5DE1E1EA2B6B297C0064B3C8 /* PagosRealizados.swift in Sources */,
				5DBB72BC2BE17FEC004BC530 /* TokenViewModel.swift in Sources */,
				5DF14BF62BDB01C900106946 /* PagoService.swift in Sources */,
				5D2637C92C70890F0032AA64 /* InasistenciaDto.swift in Sources */,
				5D5A3D2A2B6981C000F88156 /* LoginViewModel.swift in Sources */,
				5D3320E82BD97B3D008C2588 /* EstadoAutorizacion.swift in Sources */,
				5DE1E1DD2B6B24110064B3C8 /* InscripcionesViewModel.swift in Sources */,
				5D3320DC2BD966EC008C2588 /* CardAutorizacion.swift in Sources */,
				5DBB72B82BE155A6004BC530 /* SheetAgregarClub.swift in Sources */,
				5D2637CD2C70913E0032AA64 /* ItemJustificacion.swift in Sources */,
				5D5A3D252B6975C600F88156 /* LoginView.swift in Sources */,
				5DE1E1D12B6B23620064B3C8 /* PendientesView.swift in Sources */,
				5DF14BF22BDAF7C800106946 /* InscripcionService.swift in Sources */,
				5DF14BEE2BDAF6E700106946 /* CardInscripcion.swift in Sources */,
				5D1DC0772BE2A1610090DEA4 /* CitaInformeDto.swift in Sources */,
				5D3320DE2BD96837008C2588 /* SelectAutorizacion.swift in Sources */,
				5D7AC6C12BC61CED00400B08 /* SplashView.swift in Sources */,
				5DF14C0B2BDB7B9100106946 /* SelectTipoFamiliar.swift in Sources */,
				5D3320DA2BD96522008C2588 /* SelectEstado.swift in Sources */,
				5D42F4D52BD9A62000281C92 /* CardIncumplimientoItem.swift in Sources */,
				5D42F4DE2BD9C1B600281C92 /* CustomCalendar.swift in Sources */,
				5DE1E1EE2B6B298D0064B3C8 /* PagosPendientes.swift in Sources */,
				5D42F4D32BD9A60400281C92 /* CardIncumplimiento.swift in Sources */,
				5D42F4E32BDAC67900281C92 /* CardDiariaAcumulado.swift in Sources */,
				5DFFD5142BD832C600130F0B /* CajaLogin.swift in Sources */,
				5DBB72B42BE03E54004BC530 /* DatosClubDto.swift in Sources */,
				5D0E9B452C73A82E00080369 /* SelectArchivo.swift in Sources */,
				5DF14BFE2BDB0A8400106946 /* SinInfo.swift in Sources */,
				5DE1E1EC2B6B29840064B3C8 /* PagosVencidos.swift in Sources */,
				5D2637C32C7070460032AA64 /* CarnetView.swift in Sources */,
				5DE1E1C72B6B22B60064B3C8 /* AutorizacionesViewModel.swift in Sources */,
				5DE1E1B62B6AED860064B3C8 /* DatosHijosView.swift in Sources */,
				5D06128A2C36457000116322 /* NotificacionesService.swift in Sources */,
				5D1DC07C2BE2A9040090DEA4 /* CardInfoTarea.swift in Sources */,
				5D2637CF2C7093670032AA64 /* RazonDto.swift in Sources */,
				5D8F66D52B9698FE003A19D4 /* ItemDatoHijo.swift in Sources */,
				5DE1E1C92B6B23030064B3C8 /* CitaInformeView.swift in Sources */,
				5D1DC07A2BE2A7B00090DEA4 /* LeyendaPendientes.swift in Sources */,
				5D1E5BA22BE02C5E00D3A3D6 /* SheetAgregrarHijo.swift in Sources */,
				5DE1E1BA2B6AEF880064B3C8 /* DatosPadresViewModel.swift in Sources */,
				5DE1E1BC2B6AF0670064B3C8 /* DatosClubesViewModel.swift in Sources */,
				5DE1E1B42B6AED7E0064B3C8 /* DatosApoderadoView.swift in Sources */,
				5DE1E1C52B6B22A30064B3C8 /* AutorizacionesView.swift in Sources */,
				8478AEA42EC2C21000C97E05 /* CorreoView.swift in Sources */,
				5D3320E02BD969CD008C2588 /* AutorizacionService.swift in Sources */,
				5DBB72BF2BE182A4004BC530 /* TokenUsecase.swift in Sources */,
				5DF14BF02BDAF73000106946 /* ItemCardInscripcion.swift in Sources */,
				5DE1E1D72B6B23CF0064B3C8 /* DiariaAcumuladaView.swift in Sources */,
				5D5A3D282B6981B500F88156 /* MenuView.swift in Sources */,
				5D1DC06F2BE2A0A30090DEA4 /* FechaAsistencia.swift in Sources */,
				5DFFD5192BD84E5B00130F0B /* PerfilView.swift in Sources */,
				5DBB72B62BE03ED3004BC530 /* DatosClub.swift in Sources */,
				5DE1E1F12B6B35060064B3C8 /* SelectHijo.swift in Sources */,
				5DBB72BA2BE17FCF004BC530 /* TokenView.swift in Sources */,
				5D8F66D22B96961E003A19D4 /* ItemClub.swift in Sources */,
				5D4219182B6C030F0025BCD9 /* NotificacionesViewModel.swift in Sources */,
				5DE1E1DB2B6B240A0064B3C8 /* InscripcionesView.swift in Sources */,
				5DE1E1B22B6AED640064B3C8 /* DatosPadresView.swift in Sources */,
				5DE1E1DF2B6B24320064B3C8 /* PagosView.swift in Sources */,
				5DFFD51B2BD85E5500130F0B /* InformeService.swift in Sources */,
				5DF14C002BDB0E7400106946 /* Pago.swift in Sources */,
				5DF14C112BDB8EAD00106946 /* HijoTrenerDto.swift in Sources */,
				5D3320ED2BD9897F008C2588 /* DatosService.swift in Sources */,
				5DF14C082BDB669200106946 /* CajaTexto.swift in Sources */,
				5DE1E1B82B6AED910064B3C8 /* DatosClubesView.swift in Sources */,
				5D2637CB2C7089A80032AA64 /* Inasistencia.swift in Sources */,
				5D42F4E12BDAC59A00281C92 /* LeyendaDiariaAcumulada.swift in Sources */,
				5DF14BF42BDAF9C700106946 /* Inscripcion.swift in Sources */,
				5D2637D12C7093DC0032AA64 /* Razon.swift in Sources */,
				5D3320E22BD96A8C008C2588 /* Functions.swift in Sources */,
				5DF14C192BDB92BC00106946 /* DatosHijoDto.swift in Sources */,
				5D3320E42BD96CBA008C2588 /* Autorizacion.swift in Sources */,
				5DF14BFB2BDB02FE00106946 /* InscripcionDto.swift in Sources */,
				5DE1E1D52B6B238F0064B3C8 /* PendientesViewModel.swift in Sources */,
				5DFFD51F2BD86A0E00130F0B /* CitaInforme.swift in Sources */,
				5DE1E1D32B6B236E0064B3C8 /* IncumplimientosViewModel.swift in Sources */,
				5D7041702BDAD4FE00520A30 /* AsistenciaService.swift in Sources */,
				5D3320E62BD96D61008C2588 /* EResult.swift in Sources */,
				5DF14C1B2BDB932900106946 /* DatosHijo.swift in Sources */,
				5D1DC0712BE2A0CC0090DEA4 /* TareaIncumplimientoDto.swift in Sources */,
				5DE1E1AC2B6AE9710064B3C8 /* DatosView.swift in Sources */,
				5D42F4D02BD9A0AD00281C92 /* TareaIncumplimiento.swift in Sources */,
				5D1DC0732BE2A11F0090DEA4 /* EstadoAutorizacionDto.swift in Sources */,
				5D2637C72C707AD10032AA64 /* CarnetViewModel.swift in Sources */,
				5D1DC06D2BE2A0840090DEA4 /* FechaAsistenciaDto.swift in Sources */,
				5DF14BF92BDB024200106946 /* PagoDto.swift in Sources */,
				5D4219162B6C03070025BCD9 /* NotificacionesView.swift in Sources */,
				5D5A3D132B69759600F88156 /* ColegioTrenerSwiftApp.swift in Sources */,
				5D1DC07E2BE2B64D0090DEA4 /* FechaTareaDto.swift in Sources */,
				5D2637C52C7070C30032AA64 /* JustificacionViewModel.swift in Sources */,
				5D3980C62B965FC800634A97 /* AuthServices.swift in Sources */,
				5DF14C0F2BDB8E8B00106946 /* DatosApoderadoDto.swift in Sources */,
				5D2637C12C70703F0032AA64 /* JustificacionView.swift in Sources */,
				5DF14C062BDB19DF00106946 /* SelectYearRealizado.swift in Sources */,
				5DE1E1CB2B6B230B0064B3C8 /* CitaInformeViewModel.swift in Sources */,
				5DF14C132BDB8EC800106946 /* HijoTrener.swift in Sources */,
				5DF14C172BDB913100106946 /* DatosHijosViewModel.swift in Sources */,
				5DFFD5162BD8443900130F0B /* MenuHome.swift in Sources */,
				5DE1E1CF2B6B23590064B3C8 /* IncumplimientosView.swift in Sources */,
				5DF14C022BDB14B100106946 /* CardPago.swift in Sources */,
				5D42F4CE2BD99DE400281C92 /* TareaService.swift in Sources */,
				5DE1E1E12B6B243D0064B3C8 /* PagosViewModel.swift in Sources */,
				5D1DC0752BE2A13E0090DEA4 /* AutorizacionDto.swift in Sources */,
				5D1DC0802BE2B6610090DEA4 /* FechaTarea.swift in Sources */,
				5D0E9B412C73A73000080369 /* FilePicker.swift in Sources */,
				5DE1E1D92B6B23D60064B3C8 /* DiariaAcumuladaViewModel.swift in Sources */,
				5DF14C152BDB8ED900106946 /* DatosApoderado.swift in Sources */,
			);
			runOnlyForDeploymentPostprocessing = 0;
		};
/* End PBXSourcesBuildPhase section */

/* Begin XCBuildConfiguration section */
		5D5A3D1C2B69759800F88156 /* Debug */ = {
			isa = XCBuildConfiguration;
			buildSettings = {
				ALWAYS_SEARCH_USER_PATHS = NO;
				ASSETCATALOG_COMPILER_GENERATE_SWIFT_ASSET_SYMBOL_EXTENSIONS = YES;
				CLANG_ANALYZER_NONNULL = YES;
				CLANG_ANALYZER_NUMBER_OBJECT_CONVERSION = YES_AGGRESSIVE;
				CLANG_CXX_LANGUAGE_STANDARD = "gnu++20";
				CLANG_ENABLE_MODULES = YES;
				CLANG_ENABLE_OBJC_ARC = YES;
				CLANG_ENABLE_OBJC_WEAK = YES;
				CLANG_WARN_BLOCK_CAPTURE_AUTORELEASING = YES;
				CLANG_WARN_BOOL_CONVERSION = YES;
				CLANG_WARN_COMMA = YES;
				CLANG_WARN_CONSTANT_CONVERSION = YES;
				CLANG_WARN_DEPRECATED_OBJC_IMPLEMENTATIONS = YES;
				CLANG_WARN_DIRECT_OBJC_ISA_USAGE = YES_ERROR;
				CLANG_WARN_DOCUMENTATION_COMMENTS = YES;
				CLANG_WARN_EMPTY_BODY = YES;
				CLANG_WARN_ENUM_CONVERSION = YES;
				CLANG_WARN_INFINITE_RECURSION = YES;
				CLANG_WARN_INT_CONVERSION = YES;
				CLANG_WARN_NON_LITERAL_NULL_CONVERSION = YES;
				CLANG_WARN_OBJC_IMPLICIT_RETAIN_SELF = YES;
				CLANG_WARN_OBJC_LITERAL_CONVERSION = YES;
				CLANG_WARN_OBJC_ROOT_CLASS = YES_ERROR;
				CLANG_WARN_QUOTED_INCLUDE_IN_FRAMEWORK_HEADER = YES;
				CLANG_WARN_RANGE_LOOP_ANALYSIS = YES;
				CLANG_WARN_STRICT_PROTOTYPES = YES;
				CLANG_WARN_SUSPICIOUS_MOVE = YES;
				CLANG_WARN_UNGUARDED_AVAILABILITY = YES_AGGRESSIVE;
				CLANG_WARN_UNREACHABLE_CODE = YES;
				CLANG_WARN__DUPLICATE_METHOD_MATCH = YES;
				COPY_PHASE_STRIP = NO;
				DEBUG_INFORMATION_FORMAT = dwarf;
				ENABLE_STRICT_OBJC_MSGSEND = YES;
				ENABLE_TESTABILITY = YES;
				ENABLE_USER_SCRIPT_SANDBOXING = YES;
				GCC_C_LANGUAGE_STANDARD = gnu17;
				GCC_DYNAMIC_NO_PIC = NO;
				GCC_NO_COMMON_BLOCKS = YES;
				GCC_OPTIMIZATION_LEVEL = 0;
				GCC_PREPROCESSOR_DEFINITIONS = (
					"DEBUG=1",
					"$(inherited)",
				);
				GCC_WARN_64_TO_32_BIT_CONVERSION = YES;
				GCC_WARN_ABOUT_RETURN_TYPE = YES_ERROR;
				GCC_WARN_UNDECLARED_SELECTOR = YES;
				GCC_WARN_UNINITIALIZED_AUTOS = YES_AGGRESSIVE;
				GCC_WARN_UNUSED_FUNCTION = YES;
				GCC_WARN_UNUSED_VARIABLE = YES;
				IPHONEOS_DEPLOYMENT_TARGET = 17.0;
				LOCALIZATION_PREFERS_STRING_CATALOGS = YES;
				MACOSX_DEPLOYMENT_TARGET = 14.0;
				MTL_ENABLE_DEBUG_INFO = INCLUDE_SOURCE;
				MTL_FAST_MATH = YES;
				ONLY_ACTIVE_ARCH = YES;
				SWIFT_ACTIVE_COMPILATION_CONDITIONS = "DEBUG $(inherited)";
				SWIFT_OPTIMIZATION_LEVEL = "-Onone";
			};
			name = Debug;
		};
		5D5A3D1D2B69759800F88156 /* Release */ = {
			isa = XCBuildConfiguration;
			buildSettings = {
				ALWAYS_SEARCH_USER_PATHS = NO;
				ASSETCATALOG_COMPILER_GENERATE_SWIFT_ASSET_SYMBOL_EXTENSIONS = YES;
				CLANG_ANALYZER_NONNULL = YES;
				CLANG_ANALYZER_NUMBER_OBJECT_CONVERSION = YES_AGGRESSIVE;
				CLANG_CXX_LANGUAGE_STANDARD = "gnu++20";
				CLANG_ENABLE_MODULES = YES;
				CLANG_ENABLE_OBJC_ARC = YES;
				CLANG_ENABLE_OBJC_WEAK = YES;
				CLANG_WARN_BLOCK_CAPTURE_AUTORELEASING = YES;
				CLANG_WARN_BOOL_CONVERSION = YES;
				CLANG_WARN_COMMA = YES;
				CLANG_WARN_CONSTANT_CONVERSION = YES;
				CLANG_WARN_DEPRECATED_OBJC_IMPLEMENTATIONS = YES;
				CLANG_WARN_DIRECT_OBJC_ISA_USAGE = YES_ERROR;
				CLANG_WARN_DOCUMENTATION_COMMENTS = YES;
				CLANG_WARN_EMPTY_BODY = YES;
				CLANG_WARN_ENUM_CONVERSION = YES;
				CLANG_WARN_INFINITE_RECURSION = YES;
				CLANG_WARN_INT_CONVERSION = YES;
				CLANG_WARN_NON_LITERAL_NULL_CONVERSION = YES;
				CLANG_WARN_OBJC_IMPLICIT_RETAIN_SELF = YES;
				CLANG_WARN_OBJC_LITERAL_CONVERSION = YES;
				CLANG_WARN_OBJC_ROOT_CLASS = YES_ERROR;
				CLANG_WARN_QUOTED_INCLUDE_IN_FRAMEWORK_HEADER = YES;
				CLANG_WARN_RANGE_LOOP_ANALYSIS = YES;
				CLANG_WARN_STRICT_PROTOTYPES = YES;
				CLANG_WARN_SUSPICIOUS_MOVE = YES;
				CLANG_WARN_UNGUARDED_AVAILABILITY = YES_AGGRESSIVE;
				CLANG_WARN_UNREACHABLE_CODE = YES;
				CLANG_WARN__DUPLICATE_METHOD_MATCH = YES;
				COPY_PHASE_STRIP = NO;
				DEBUG_INFORMATION_FORMAT = "dwarf-with-dsym";
				ENABLE_NS_ASSERTIONS = NO;
				ENABLE_STRICT_OBJC_MSGSEND = YES;
				ENABLE_USER_SCRIPT_SANDBOXING = YES;
				GCC_C_LANGUAGE_STANDARD = gnu17;
				GCC_NO_COMMON_BLOCKS = YES;
				GCC_WARN_64_TO_32_BIT_CONVERSION = YES;
				GCC_WARN_ABOUT_RETURN_TYPE = YES_ERROR;
				GCC_WARN_UNDECLARED_SELECTOR = YES;
				GCC_WARN_UNINITIALIZED_AUTOS = YES_AGGRESSIVE;
				GCC_WARN_UNUSED_FUNCTION = YES;
				GCC_WARN_UNUSED_VARIABLE = YES;
				IPHONEOS_DEPLOYMENT_TARGET = 17.0;
				LOCALIZATION_PREFERS_STRING_CATALOGS = YES;
				MACOSX_DEPLOYMENT_TARGET = 14.0;
				MTL_ENABLE_DEBUG_INFO = NO;
				MTL_FAST_MATH = YES;
				SWIFT_COMPILATION_MODE = wholemodule;
			};
			name = Release;
		};
		5D5A3D1F2B69759800F88156 /* Debug */ = {
			isa = XCBuildConfiguration;
			buildSettings = {
				ASSETCATALOG_COMPILER_APPICON_NAME = AppIcon;
				ASSETCATALOG_COMPILER_GLOBAL_ACCENT_COLOR_NAME = AccentColor;
				CODE_SIGN_ENTITLEMENTS = ColegioTrenerSwift/ColegioTrenerSwift.entitlements;
				CODE_SIGN_STYLE = Automatic;
				CURRENT_PROJECT_VERSION = 23;
				DEVELOPMENT_ASSET_PATHS = "\"ColegioTrenerSwift/Preview Content\"";
				DEVELOPMENT_TEAM = CXH9DAPMNQ;
				ENABLE_HARDENED_RUNTIME = YES;
				ENABLE_PREVIEWS = YES;
				GENERATE_INFOPLIST_FILE = YES;
				INFOPLIST_KEY_CFBundleDisplayName = Trener;
				INFOPLIST_KEY_LSApplicationCategoryType = "public.app-category.education";
				"INFOPLIST_KEY_UIApplicationSceneManifest_Generation[sdk=iphoneos*]" = YES;
				"INFOPLIST_KEY_UIApplicationSceneManifest_Generation[sdk=iphonesimulator*]" = YES;
				"INFOPLIST_KEY_UIApplicationSupportsIndirectInputEvents[sdk=iphoneos*]" = YES;
				"INFOPLIST_KEY_UIApplicationSupportsIndirectInputEvents[sdk=iphonesimulator*]" = YES;
				"INFOPLIST_KEY_UILaunchScreen_Generation[sdk=iphoneos*]" = YES;
				"INFOPLIST_KEY_UILaunchScreen_Generation[sdk=iphonesimulator*]" = YES;
				"INFOPLIST_KEY_UIStatusBarStyle[sdk=iphoneos*]" = UIStatusBarStyleDefault;
				"INFOPLIST_KEY_UIStatusBarStyle[sdk=iphonesimulator*]" = UIStatusBarStyleDefault;
				INFOPLIST_KEY_UISupportedInterfaceOrientations = UIInterfaceOrientationPortrait;
				INFOPLIST_KEY_UISupportedInterfaceOrientations_iPad = "UIInterfaceOrientationLandscapeLeft UIInterfaceOrientationLandscapeRight UIInterfaceOrientationPortrait UIInterfaceOrientationPortraitUpsideDown";
				IPHONEOS_DEPLOYMENT_TARGET = 16.0;
				LD_RUNPATH_SEARCH_PATHS = "@executable_path/Frameworks";
				"LD_RUNPATH_SEARCH_PATHS[sdk=macosx*]" = "@executable_path/../Frameworks";
				MACOSX_DEPLOYMENT_TARGET = 14.4;
				MARKETING_VERSION = 1.2.8;
				PRODUCT_BUNDLE_IDENTIFIER = com.jjmf.ios.ColegioTrenerSwift;
				PRODUCT_NAME = "$(TARGET_NAME)";
				SDKROOT = auto;
				SUPPORTED_PLATFORMS = "iphoneos iphonesimulator";
				SUPPORTS_MACCATALYST = NO;
				SWIFT_EMIT_LOC_STRINGS = YES;
				SWIFT_VERSION = 5.0;
				TARGETED_DEVICE_FAMILY = "1,2";
			};
			name = Debug;
		};
		5D5A3D202B69759800F88156 /* Release */ = {
			isa = XCBuildConfiguration;
			buildSettings = {
				ASSETCATALOG_COMPILER_APPICON_NAME = AppIcon;
				ASSETCATALOG_COMPILER_GLOBAL_ACCENT_COLOR_NAME = AccentColor;
				CODE_SIGN_ENTITLEMENTS = ColegioTrenerSwift/ColegioTrenerSwift.entitlements;
				CODE_SIGN_STYLE = Automatic;
				CURRENT_PROJECT_VERSION = 23;
				DEVELOPMENT_ASSET_PATHS = "\"ColegioTrenerSwift/Preview Content\"";
				DEVELOPMENT_TEAM = CXH9DAPMNQ;
				ENABLE_HARDENED_RUNTIME = YES;
				ENABLE_PREVIEWS = YES;
				GENERATE_INFOPLIST_FILE = YES;
				INFOPLIST_KEY_CFBundleDisplayName = Trener;
				INFOPLIST_KEY_LSApplicationCategoryType = "public.app-category.education";
				"INFOPLIST_KEY_UIApplicationSceneManifest_Generation[sdk=iphoneos*]" = YES;
				"INFOPLIST_KEY_UIApplicationSceneManifest_Generation[sdk=iphonesimulator*]" = YES;
				"INFOPLIST_KEY_UIApplicationSupportsIndirectInputEvents[sdk=iphoneos*]" = YES;
				"INFOPLIST_KEY_UIApplicationSupportsIndirectInputEvents[sdk=iphonesimulator*]" = YES;
				"INFOPLIST_KEY_UILaunchScreen_Generation[sdk=iphoneos*]" = YES;
				"INFOPLIST_KEY_UILaunchScreen_Generation[sdk=iphonesimulator*]" = YES;
				"INFOPLIST_KEY_UIStatusBarStyle[sdk=iphoneos*]" = UIStatusBarStyleDefault;
				"INFOPLIST_KEY_UIStatusBarStyle[sdk=iphonesimulator*]" = UIStatusBarStyleDefault;
				INFOPLIST_KEY_UISupportedInterfaceOrientations = UIInterfaceOrientationPortrait;
				INFOPLIST_KEY_UISupportedInterfaceOrientations_iPad = "UIInterfaceOrientationLandscapeLeft UIInterfaceOrientationLandscapeRight UIInterfaceOrientationPortrait UIInterfaceOrientationPortraitUpsideDown";
				IPHONEOS_DEPLOYMENT_TARGET = 16.0;
				LD_RUNPATH_SEARCH_PATHS = "@executable_path/Frameworks";
				"LD_RUNPATH_SEARCH_PATHS[sdk=macosx*]" = "@executable_path/../Frameworks";
				MACOSX_DEPLOYMENT_TARGET = 14.4;
				MARKETING_VERSION = 1.2.8;
				PRODUCT_BUNDLE_IDENTIFIER = com.jjmf.ios.ColegioTrenerSwift;
				PRODUCT_NAME = "$(TARGET_NAME)";
				SDKROOT = auto;
				SUPPORTED_PLATFORMS = "iphoneos iphonesimulator";
				SUPPORTS_MACCATALYST = NO;
				SWIFT_EMIT_LOC_STRINGS = YES;
				SWIFT_VERSION = 5.0;
				TARGETED_DEVICE_FAMILY = "1,2";
			};
			name = Release;
		};
/* End XCBuildConfiguration section */

/* Begin XCConfigurationList section */
		5D5A3D0A2B69759600F88156 /* Build configuration list for PBXProject "ColegioTrenerSwift" */ = {
			isa = XCConfigurationList;
			buildConfigurations = (
				5D5A3D1C2B69759800F88156 /* Debug */,
				5D5A3D1D2B69759800F88156 /* Release */,
			);
			defaultConfigurationIsVisible = 0;
			defaultConfigurationName = Release;
		};
		5D5A3D1E2B69759800F88156 /* Build configuration list for PBXNativeTarget "ColegioTrenerSwift" */ = {
			isa = XCConfigurationList;
			buildConfigurations = (
				5D5A3D1F2B69759800F88156 /* Debug */,
				5D5A3D202B69759800F88156 /* Release */,
			);
			defaultConfigurationIsVisible = 0;
			defaultConfigurationName = Release;
		};
/* End XCConfigurationList section */

/* Begin XCRemoteSwiftPackageReference section */
		5D1E5BAB2BE0382D00D3A3D6 /* XCRemoteSwiftPackageReference "SwiftUI-Toast" */ = {
			isa = XCRemoteSwiftPackageReference;
			repositoryURL = "https://github.com/VansonLeung/SwiftUI-Toast.git";
			requirement = {
				kind = upToNextMajorVersion;
				minimumVersion = 1.0.0;
			};
		};
		5D4219582B6D41EC0025BCD9 /* XCRemoteSwiftPackageReference "Alamofire" */ = {
			isa = XCRemoteSwiftPackageReference;
			repositoryURL = "https://github.com/Alamofire/Alamofire.git";
			requirement = {
				kind = upToNextMajorVersion;
				minimumVersion = 5.8.1;
			};
		};
		5D89D4D42B6D4A9F00DC586C /* XCRemoteSwiftPackageReference "SVProgressHUD" */ = {
			isa = XCRemoteSwiftPackageReference;
			repositoryURL = "https://github.com/SVProgressHUD/SVProgressHUD.git";
			requirement = {
				kind = upToNextMajorVersion;
				minimumVersion = 2.3.1;
			};
		};
		5DBB72C02BE182FA004BC530 /* XCRemoteSwiftPackageReference "JWTDecode" */ = {
			isa = XCRemoteSwiftPackageReference;
			repositoryURL = "https://github.com/auth0/JWTDecode.swift";
			requirement = {
				kind = upToNextMajorVersion;
				minimumVersion = 3.1.0;
			};
		};
/* End XCRemoteSwiftPackageReference section */

/* Begin XCSwiftPackageProductDependency section */
		5D1E5BAC2BE0382D00D3A3D6 /* SwiftUIToast */ = {
			isa = XCSwiftPackageProductDependency;
			package = 5D1E5BAB2BE0382D00D3A3D6 /* XCRemoteSwiftPackageReference "SwiftUI-Toast" */;
			productName = SwiftUIToast;
		};
		5D4219592B6D41EC0025BCD9 /* Alamofire */ = {
			isa = XCSwiftPackageProductDependency;
			package = 5D4219582B6D41EC0025BCD9 /* XCRemoteSwiftPackageReference "Alamofire" */;
			productName = Alamofire;
		};
		5D89D4D52B6D4A9F00DC586C /* SVProgressHUD */ = {
			isa = XCSwiftPackageProductDependency;
			package = 5D89D4D42B6D4A9F00DC586C /* XCRemoteSwiftPackageReference "SVProgressHUD" */;
			productName = SVProgressHUD;
		};
		5DBB72C12BE182FA004BC530 /* JWTDecode */ = {
			isa = XCSwiftPackageProductDependency;
			package = 5DBB72C02BE182FA004BC530 /* XCRemoteSwiftPackageReference "JWTDecode" */;
			productName = JWTDecode;
		};
/* End XCSwiftPackageProductDependency section */
	};
	rootObject = 5D5A3D072B69759600F88156 /* Project object */;
}
